// !$*UTF8*$!
{
	archiveVersion = 1;
	classes = {
	};
	objectVersion = 55;
	objects = {

/* Begin PBXBuildFile section */
		3D33DCA427CF9E35005150B2 /* GameStreamApp.swift in Sources */ = {isa = PBXBuildFile; fileRef = 3D33DCA327CF9E35005150B2 /* GameStreamApp.swift */; };
		3D33DCA627CF9E35005150B2 /* ContentView.swift in Sources */ = {isa = PBXBuildFile; fileRef = 3D33DCA527CF9E35005150B2 /* ContentView.swift */; };
		3D33DCA827CF9E37005150B2 /* Assets.xcassets in Resources */ = {isa = PBXBuildFile; fileRef = 3D33DCA727CF9E37005150B2 /* Assets.xcassets */; };
		3D33DCAB27CF9E37005150B2 /* Preview Assets.xcassets in Resources */ = {isa = PBXBuildFile; fileRef = 3D33DCAA27CF9E37005150B2 /* Preview Assets.xcassets */; };
		9E2CC546280CA5D9004C53F7 /* Kingfisher in Frameworks */ = {isa = PBXBuildFile; productRef = 9E2CC545280CA5D9004C53F7 /* Kingfisher */; };
		9E2CC548280CAD6C004C53F7 /* GameView.swift in Sources */ = {isa = PBXBuildFile; fileRef = 9E2CC547280CAD6C004C53F7 /* GameView.swift */; };
		9E4274B527F3A6DE00ADC71E /* Home.swift in Sources */ = {isa = PBXBuildFile; fileRef = 9E4274B427F3A6DE00ADC71E /* Home.swift */; };
		9E5BDE3928086D6E002783B2 /* GamesView.swift in Sources */ = {isa = PBXBuildFile; fileRef = 9E5BDE3828086D6E002783B2 /* GamesView.swift */; };
		9E5BDE402808705F002783B2 /* Model.swift in Sources */ = {isa = PBXBuildFile; fileRef = 9E5BDE3F2808705F002783B2 /* Model.swift */; };
		9E5BDE422808706F002783B2 /* ViewModel.swift in Sources */ = {isa = PBXBuildFile; fileRef = 9E5BDE412808706F002783B2 /* ViewModel.swift */; };
		9E5BDE452808B7EF002783B2 /* View+Extensions.swift in Sources */ = {isa = PBXBuildFile; fileRef = 9E5BDE442808B7EF002783B2 /* View+Extensions.swift */; };
		9E7695BA2810AF0D0059B338 /* ProfileView.swift in Sources */ = {isa = PBXBuildFile; fileRef = 9E7695B92810AF0D0059B338 /* ProfileView.swift */; };
		9E7695BC281357BC0059B338 /* EditProfileView.swift in Sources */ = {isa = PBXBuildFile; fileRef = 9E7695BB281357BC0059B338 /* EditProfileView.swift */; };
		9EEADC17280F50B000680289 /* SearchGame.swift in Sources */ = {isa = PBXBuildFile; fileRef = 9EEADC16280F50B000680289 /* SearchGame.swift */; };
		9EEADC19280F7BD500680289 /* FavoritesView.swift in Sources */ = {isa = PBXBuildFile; fileRef = 9EEADC18280F7BD500680289 /* FavoritesView.swift */; };
/* End PBXBuildFile section */

/* Begin PBXFileReference section */
		3D33DCA027CF9E35005150B2 /* GameStream.app */ = {isa = PBXFileReference; explicitFileType = wrapper.application; includeInIndex = 0; path = GameStream.app; sourceTree = BUILT_PRODUCTS_DIR; };
		3D33DCA327CF9E35005150B2 /* GameStreamApp.swift */ = {isa = PBXFileReference; lastKnownFileType = sourcecode.swift; path = GameStreamApp.swift; sourceTree = "<group>"; };
		3D33DCA527CF9E35005150B2 /* ContentView.swift */ = {isa = PBXFileReference; lastKnownFileType = sourcecode.swift; path = ContentView.swift; sourceTree = "<group>"; };
		3D33DCA727CF9E37005150B2 /* Assets.xcassets */ = {isa = PBXFileReference; lastKnownFileType = folder.assetcatalog; path = Assets.xcassets; sourceTree = "<group>"; };
		3D33DCAA27CF9E37005150B2 /* Preview Assets.xcassets */ = {isa = PBXFileReference; lastKnownFileType = folder.assetcatalog; path = "Preview Assets.xcassets"; sourceTree = "<group>"; };
		9E2CC547280CAD6C004C53F7 /* GameView.swift */ = {isa = PBXFileReference; lastKnownFileType = sourcecode.swift; path = GameView.swift; sourceTree = "<group>"; };
		9E4274B427F3A6DE00ADC71E /* Home.swift */ = {isa = PBXFileReference; lastKnownFileType = sourcecode.swift; path = Home.swift; sourceTree = "<group>"; };
		9E5BDE3828086D6E002783B2 /* GamesView.swift */ = {isa = PBXFileReference; lastKnownFileType = sourcecode.swift; path = GamesView.swift; sourceTree = "<group>"; };
		9E5BDE3F2808705F002783B2 /* Model.swift */ = {isa = PBXFileReference; lastKnownFileType = sourcecode.swift; path = Model.swift; sourceTree = "<group>"; };
		9E5BDE412808706F002783B2 /* ViewModel.swift */ = {isa = PBXFileReference; lastKnownFileType = sourcecode.swift; path = ViewModel.swift; sourceTree = "<group>"; };
		9E5BDE442808B7EF002783B2 /* View+Extensions.swift */ = {isa = PBXFileReference; lastKnownFileType = sourcecode.swift; path = "View+Extensions.swift"; sourceTree = "<group>"; };
		9E7695B92810AF0D0059B338 /* ProfileView.swift */ = {isa = PBXFileReference; lastKnownFileType = sourcecode.swift; path = ProfileView.swift; sourceTree = "<group>"; };
		9E7695BB281357BC0059B338 /* EditProfileView.swift */ = {isa = PBXFileReference; lastKnownFileType = sourcecode.swift; path = EditProfileView.swift; sourceTree = "<group>"; };
		9EEADC16280F50B000680289 /* SearchGame.swift */ = {isa = PBXFileReference; lastKnownFileType = sourcecode.swift; path = SearchGame.swift; sourceTree = "<group>"; };
		9EEADC18280F7BD500680289 /* FavoritesView.swift */ = {isa = PBXFileReference; lastKnownFileType = sourcecode.swift; path = FavoritesView.swift; sourceTree = "<group>"; };
/* End PBXFileReference section */

/* Begin PBXFrameworksBuildPhase section */
		3D33DC9D27CF9E35005150B2 /* Frameworks */ = {
			isa = PBXFrameworksBuildPhase;
			buildActionMask = 2147483647;
			files = (
				9E2CC546280CA5D9004C53F7 /* Kingfisher in Frameworks */,
			);
			runOnlyForDeploymentPostprocessing = 0;
		};
/* End PBXFrameworksBuildPhase section */

/* Begin PBXGroup section */
		3D33DC9727CF9E35005150B2 = {
			isa = PBXGroup;
			children = (
				3D33DCA227CF9E35005150B2 /* GameStream */,
				3D33DCA127CF9E35005150B2 /* Products */,
			);
			sourceTree = "<group>";
		};
		3D33DCA127CF9E35005150B2 /* Products */ = {
			isa = PBXGroup;
			children = (
				3D33DCA027CF9E35005150B2 /* GameStream.app */,
			);
			name = Products;
			sourceTree = "<group>";
		};
		3D33DCA227CF9E35005150B2 /* GameStream */ = {
			isa = PBXGroup;
			children = (
				9E5BDE432808B7D5002783B2 /* Extensions */,
				9E5BDE3C28086E8E002783B2 /* ViewModel */,
				9E5BDE3B28086E7D002783B2 /* Models */,
				9E5BDE3A28086E49002783B2 /* Views */,
				3D33DCA327CF9E35005150B2 /* GameStreamApp.swift */,
				3D33DCA727CF9E37005150B2 /* Assets.xcassets */,
				3D33DCA927CF9E37005150B2 /* Preview Content */,
			);
			path = GameStream;
			sourceTree = "<group>";
		};
		3D33DCA927CF9E37005150B2 /* Preview Content */ = {
			isa = PBXGroup;
			children = (
				3D33DCAA27CF9E37005150B2 /* Preview Assets.xcassets */,
			);
			path = "Preview Content";
			sourceTree = "<group>";
		};
		9E5BDE3A28086E49002783B2 /* Views */ = {
			isa = PBXGroup;
			children = (
				3D33DCA527CF9E35005150B2 /* ContentView.swift */,
				9E4274B427F3A6DE00ADC71E /* Home.swift */,
				9E5BDE3828086D6E002783B2 /* GamesView.swift */,
				9E2CC547280CAD6C004C53F7 /* GameView.swift */,
				9EEADC18280F7BD500680289 /* FavoritesView.swift */,
				9E7695B92810AF0D0059B338 /* ProfileView.swift */,
				9E7695BB281357BC0059B338 /* EditProfileView.swift */,
			);
			path = Views;
			sourceTree = "<group>";
		};
		9E5BDE3B28086E7D002783B2 /* Models */ = {
			isa = PBXGroup;
			children = (
				9E5BDE3F2808705F002783B2 /* Model.swift */,
			);
			path = Models;
			sourceTree = "<group>";
		};
		9E5BDE3C28086E8E002783B2 /* ViewModel */ = {
			isa = PBXGroup;
			children = (
				9E5BDE412808706F002783B2 /* ViewModel.swift */,
				9EEADC16280F50B000680289 /* SearchGame.swift */,
			);
			path = ViewModel;
			sourceTree = "<group>";
		};
		9E5BDE432808B7D5002783B2 /* Extensions */ = {
			isa = PBXGroup;
			children = (
				9E5BDE442808B7EF002783B2 /* View+Extensions.swift */,
			);
			path = Extensions;
			sourceTree = "<group>";
		};
/* End PBXGroup section */

/* Begin PBXNativeTarget section */
		3D33DC9F27CF9E35005150B2 /* GameStream */ = {
			isa = PBXNativeTarget;
			buildConfigurationList = 3D33DCAE27CF9E37005150B2 /* Build configuration list for PBXNativeTarget "GameStream" */;
			buildPhases = (
				3D33DC9C27CF9E35005150B2 /* Sources */,
				3D33DC9D27CF9E35005150B2 /* Frameworks */,
				3D33DC9E27CF9E35005150B2 /* Resources */,
			);
			buildRules = (
			);
			dependencies = (
			);
			name = GameStream;
			packageProductDependencies = (
				9E2CC545280CA5D9004C53F7 /* Kingfisher */,
			);
			productName = GameStream;
			productReference = 3D33DCA027CF9E35005150B2 /* GameStream.app */;
			productType = "com.apple.product-type.application";
		};
/* End PBXNativeTarget section */

/* Begin PBXProject section */
		3D33DC9827CF9E35005150B2 /* Project object */ = {
			isa = PBXProject;
			attributes = {
				BuildIndependentTargetsInParallel = 1;
				LastSwiftUpdateCheck = 1320;
				LastUpgradeCheck = 1320;
				TargetAttributes = {
					3D33DC9F27CF9E35005150B2 = {
						CreatedOnToolsVersion = 13.2.1;
					};
				};
			};
			buildConfigurationList = 3D33DC9B27CF9E35005150B2 /* Build configuration list for PBXProject "GameStream" */;
			compatibilityVersion = "Xcode 13.0";
			developmentRegion = en;
			hasScannedForEncodings = 0;
			knownRegions = (
				en,
				Base,
			);
			mainGroup = 3D33DC9727CF9E35005150B2;
			packageReferences = (
				9E2CC544280CA5D9004C53F7 /* XCRemoteSwiftPackageReference "Kingfisher" */,
			);
			productRefGroup = 3D33DCA127CF9E35005150B2 /* Products */;
			projectDirPath = "";
			projectRoot = "";
			targets = (
				3D33DC9F27CF9E35005150B2 /* GameStream */,
			);
		};
/* End PBXProject section */

/* Begin PBXResourcesBuildPhase section */
		3D33DC9E27CF9E35005150B2 /* Resources */ = {
			isa = PBXResourcesBuildPhase;
			buildActionMask = 2147483647;
			files = (
				3D33DCAB27CF9E37005150B2 /* Preview Assets.xcassets in Resources */,
				3D33DCA827CF9E37005150B2 /* Assets.xcassets in Resources */,
			);
			runOnlyForDeploymentPostprocessing = 0;
		};
/* End PBXResourcesBuildPhase section */

/* Begin PBXSourcesBuildPhase section */
		3D33DC9C27CF9E35005150B2 /* Sources */ = {
			isa = PBXSourcesBuildPhase;
			buildActionMask = 2147483647;
			files = (
				9EEADC19280F7BD500680289 /* FavoritesView.swift in Sources */,
				9E5BDE402808705F002783B2 /* Model.swift in Sources */,
				9EEADC17280F50B000680289 /* SearchGame.swift in Sources */,
				3D33DCA627CF9E35005150B2 /* ContentView.swift in Sources */,
				9E4274B527F3A6DE00ADC71E /* Home.swift in Sources */,
				9E5BDE452808B7EF002783B2 /* View+Extensions.swift in Sources */,
				9E7695BC281357BC0059B338 /* EditProfileView.swift in Sources */,
				9E5BDE3928086D6E002783B2 /* GamesView.swift in Sources */,
				9E5BDE422808706F002783B2 /* ViewModel.swift in Sources */,
				9E2CC548280CAD6C004C53F7 /* GameView.swift in Sources */,
				9E7695BA2810AF0D0059B338 /* ProfileView.swift in Sources */,
				3D33DCA427CF9E35005150B2 /* GameStreamApp.swift in Sources */,
			);
			runOnlyForDeploymentPostprocessing = 0;
		};
/* End PBXSourcesBuildPhase section */

/* Begin XCBuildConfiguration section */
		3D33DCAC27CF9E37005150B2 /* Debug */ = {
			isa = XCBuildConfiguration;
			buildSettings = {
				ALWAYS_SEARCH_USER_PATHS = NO;
				CLANG_ANALYZER_NONNULL = YES;
				CLANG_ANALYZER_NUMBER_OBJECT_CONVERSION = YES_AGGRESSIVE;
				CLANG_CXX_LANGUAGE_STANDARD = "gnu++17";
				CLANG_CXX_LIBRARY = "libc++";
				CLANG_ENABLE_MODULES = YES;
				CLANG_ENABLE_OBJC_ARC = YES;
				CLANG_ENABLE_OBJC_WEAK = YES;
				CLANG_WARN_BLOCK_CAPTURE_AUTORELEASING = YES;
				CLANG_WARN_BOOL_CONVERSION = YES;
				CLANG_WARN_COMMA = YES;
				CLANG_WARN_CONSTANT_CONVERSION = YES;
				CLANG_WARN_DEPRECATED_OBJC_IMPLEMENTATIONS = YES;
				CLANG_WARN_DIRECT_OBJC_ISA_USAGE = YES_ERROR;
				CLANG_WARN_DOCUMENTATION_COMMENTS = YES;
				CLANG_WARN_EMPTY_BODY = YES;
				CLANG_WARN_ENUM_CONVERSION = YES;
				CLANG_WARN_INFINITE_RECURSION = YES;
				CLANG_WARN_INT_CONVERSION = YES;
				CLANG_WARN_NON_LITERAL_NULL_CONVERSION = YES;
				CLANG_WARN_OBJC_IMPLICIT_RETAIN_SELF = YES;
				CLANG_WARN_OBJC_LITERAL_CONVERSION = YES;
				CLANG_WARN_OBJC_ROOT_CLASS = YES_ERROR;
				CLANG_WARN_QUOTED_INCLUDE_IN_FRAMEWORK_HEADER = YES;
				CLANG_WARN_RANGE_LOOP_ANALYSIS = YES;
				CLANG_WARN_STRICT_PROTOTYPES = YES;
				CLANG_WARN_SUSPICIOUS_MOVE = YES;
				CLANG_WARN_UNGUARDED_AVAILABILITY = YES_AGGRESSIVE;
				CLANG_WARN_UNREACHABLE_CODE = YES;
				CLANG_WARN__DUPLICATE_METHOD_MATCH = YES;
				COPY_PHASE_STRIP = NO;
				DEBUG_INFORMATION_FORMAT = dwarf;
				ENABLE_STRICT_OBJC_MSGSEND = YES;
				ENABLE_TESTABILITY = YES;
				GCC_C_LANGUAGE_STANDARD = gnu11;
				GCC_DYNAMIC_NO_PIC = NO;
				GCC_NO_COMMON_BLOCKS = YES;
				GCC_OPTIMIZATION_LEVEL = 0;
				GCC_PREPROCESSOR_DEFINITIONS = (
					"DEBUG=1",
					"$(inherited)",
				);
				GCC_WARN_64_TO_32_BIT_CONVERSION = YES;
				GCC_WARN_ABOUT_RETURN_TYPE = YES_ERROR;
				GCC_WARN_UNDECLARED_SELECTOR = YES;
				GCC_WARN_UNINITIALIZED_AUTOS = YES_AGGRESSIVE;
				GCC_WARN_UNUSED_FUNCTION = YES;
				GCC_WARN_UNUSED_VARIABLE = YES;
				IPHONEOS_DEPLOYMENT_TARGET = 15.2;
				MTL_ENABLE_DEBUG_INFO = INCLUDE_SOURCE;
				MTL_FAST_MATH = YES;
				ONLY_ACTIVE_ARCH = YES;
				SDKROOT = iphoneos;
				SWIFT_ACTIVE_COMPILATION_CONDITIONS = DEBUG;
				SWIFT_OPTIMIZATION_LEVEL = "-Onone";
			};
			name = Debug;
		};
		3D33DCAD27CF9E37005150B2 /* Release */ = {
			isa = XCBuildConfiguration;
			buildSettings = {
				ALWAYS_SEARCH_USER_PATHS = NO;
				CLANG_ANALYZER_NONNULL = YES;
				CLANG_ANALYZER_NUMBER_OBJECT_CONVERSION = YES_AGGRESSIVE;
				CLANG_CXX_LANGUAGE_STANDARD = "gnu++17";
				CLANG_CXX_LIBRARY = "libc++";
				CLANG_ENABLE_MODULES = YES;
				CLANG_ENABLE_OBJC_ARC = YES;
				CLANG_ENABLE_OBJC_WEAK = YES;
				CLANG_WARN_BLOCK_CAPTURE_AUTORELEASING = YES;
				CLANG_WARN_BOOL_CONVERSION = YES;
				CLANG_WARN_COMMA = YES;
				CLANG_WARN_CONSTANT_CONVERSION = YES;
				CLANG_WARN_DEPRECATED_OBJC_IMPLEMENTATIONS = YES;
				CLANG_WARN_DIRECT_OBJC_ISA_USAGE = YES_ERROR;
				CLANG_WARN_DOCUMENTATION_COMMENTS = YES;
				CLANG_WARN_EMPTY_BODY = YES;
				CLANG_WARN_ENUM_CONVERSION = YES;
				CLANG_WARN_INFINITE_RECURSION = YES;
				CLANG_WARN_INT_CONVERSION = YES;
				CLANG_WARN_NON_LITERAL_NULL_CONVERSION = YES;
				CLANG_WARN_OBJC_IMPLICIT_RETAIN_SELF = YES;
				CLANG_WARN_OBJC_LITERAL_CONVERSION = YES;
				CLANG_WARN_OBJC_ROOT_CLASS = YES_ERROR;
				CLANG_WARN_QUOTED_INCLUDE_IN_FRAMEWORK_HEADER = YES;
				CLANG_WARN_RANGE_LOOP_ANALYSIS = YES;
				CLANG_WARN_STRICT_PROTOTYPES = YES;
				CLANG_WARN_SUSPICIOUS_MOVE = YES;
				CLANG_WARN_UNGUARDED_AVAILABILITY = YES_AGGRESSIVE;
				CLANG_WARN_UNREACHABLE_CODE = YES;
				CLANG_WARN__DUPLICATE_METHOD_MATCH = YES;
				COPY_PHASE_STRIP = NO;
				DEBUG_INFORMATION_FORMAT = "dwarf-with-dsym";
				ENABLE_NS_ASSERTIONS = NO;
				ENABLE_STRICT_OBJC_MSGSEND = YES;
				GCC_C_LANGUAGE_STANDARD = gnu11;
				GCC_NO_COMMON_BLOCKS = YES;
				GCC_WARN_64_TO_32_BIT_CONVERSION = YES;
				GCC_WARN_ABOUT_RETURN_TYPE = YES_ERROR;
				GCC_WARN_UNDECLARED_SELECTOR = YES;
				GCC_WARN_UNINITIALIZED_AUTOS = YES_AGGRESSIVE;
				GCC_WARN_UNUSED_FUNCTION = YES;
				GCC_WARN_UNUSED_VARIABLE = YES;
				IPHONEOS_DEPLOYMENT_TARGET = 15.2;
				MTL_ENABLE_DEBUG_INFO = NO;
				MTL_FAST_MATH = YES;
				SDKROOT = iphoneos;
				SWIFT_COMPILATION_MODE = wholemodule;
				SWIFT_OPTIMIZATION_LEVEL = "-O";
				VALIDATE_PRODUCT = YES;
			};
			name = Release;
		};
		3D33DCAF27CF9E37005150B2 /* Debug */ = {
			isa = XCBuildConfiguration;
			buildSettings = {
				ASSETCATALOG_COMPILER_APPICON_NAME = AppIcon;
				ASSETCATALOG_COMPILER_GLOBAL_ACCENT_COLOR_NAME = AccentColor;
				CODE_SIGN_STYLE = Automatic;
				CURRENT_PROJECT_VERSION = 1;
				DEVELOPMENT_ASSET_PATHS = "\"GameStream/Preview Content\"";
				ENABLE_PREVIEWS = YES;
				GENERATE_INFOPLIST_FILE = YES;
				INFOPLIST_KEY_UIApplicationSceneManifest_Generation = YES;
				INFOPLIST_KEY_UIApplicationSupportsIndirectInputEvents = YES;
				INFOPLIST_KEY_UILaunchScreen_Generation = YES;
				INFOPLIST_KEY_UISupportedInterfaceOrientations_iPad = "UIInterfaceOrientationPortrait UIInterfaceOrientationPortraitUpsideDown UIInterfaceOrientationLandscapeLeft UIInterfaceOrientationLandscapeRight";
				INFOPLIST_KEY_UISupportedInterfaceOrientations_iPhone = "UIInterfaceOrientationPortrait UIInterfaceOrientationLandscapeLeft UIInterfaceOrientationLandscapeRight";
				LD_RUNPATH_SEARCH_PATHS = (
					"$(inherited)",
					"@executable_path/Frameworks",
				);
				MARKETING_VERSION = 1.0;
				PRODUCT_BUNDLE_IDENTIFIER = sebastian.GameStream;
				PRODUCT_NAME = "$(TARGET_NAME)";
				SWIFT_EMIT_LOC_STRINGS = YES;
				SWIFT_VERSION = 5.0;
				TARGETED_DEVICE_FAMILY = "1,2";
			};
			name = Debug;
		};
		3D33DCB027CF9E37005150B2 /* Release */ = {
			isa = XCBuildConfiguration;
			buildSettings = {
				ASSETCATALOG_COMPILER_APPICON_NAME = AppIcon;
				ASSETCATALOG_COMPILER_GLOBAL_ACCENT_COLOR_NAME = AccentColor;
				CODE_SIGN_STYLE = Automatic;
				CURRENT_PROJECT_VERSION = 1;
				DEVELOPMENT_ASSET_PATHS = "\"GameStream/Preview Content\"";
				ENABLE_PREVIEWS = YES;
				GENERATE_INFOPLIST_FILE = YES;
				INFOPLIST_KEY_UIApplicationSceneManifest_Generation = YES;
				INFOPLIST_KEY_UIApplicationSupportsIndirectInputEvents = YES;
				INFOPLIST_KEY_UILaunchScreen_Generation = YES;
				INFOPLIST_KEY_UISupportedInterfaceOrientations_iPad = "UIInterfaceOrientationPortrait UIInterfaceOrientationPortraitUpsideDown UIInterfaceOrientationLandscapeLeft UIInterfaceOrientationLandscapeRight";
				INFOPLIST_KEY_UISupportedInterfaceOrientations_iPhone = "UIInterfaceOrientationPortrait UIInterfaceOrientationLandscapeLeft UIInterfaceOrientationLandscapeRight";
				LD_RUNPATH_SEARCH_PATHS = (
					"$(inherited)",
					"@executable_path/Frameworks",
				);
				MARKETING_VERSION = 1.0;
				PRODUCT_BUNDLE_IDENTIFIER = sebastian.GameStream;
				PRODUCT_NAME = "$(TARGET_NAME)";
				SWIFT_EMIT_LOC_STRINGS = YES;
				SWIFT_VERSION = 5.0;
				TARGETED_DEVICE_FAMILY = "1,2";
			};
			name = Release;
		};
/* End XCBuildConfiguration section */

/* Begin XCConfigurationList section */
		3D33DC9B27CF9E35005150B2 /* Build configuration list for PBXProject "GameStream" */ = {
			isa = XCConfigurationList;
			buildConfigurations = (
				3D33DCAC27CF9E37005150B2 /* Debug */,
				3D33DCAD27CF9E37005150B2 /* Release */,
			);
			defaultConfigurationIsVisible = 0;
			defaultConfigurationName = Release;
		};
		3D33DCAE27CF9E37005150B2 /* Build configuration list for PBXNativeTarget "GameStream" */ = {
			isa = XCConfigurationList;
			buildConfigurations = (
				3D33DCAF27CF9E37005150B2 /* Debug */,
				3D33DCB027CF9E37005150B2 /* Release */,
			);
			defaultConfigurationIsVisible = 0;
			defaultConfigurationName = Release;
		};
/* End XCConfigurationList section */

/* Begin XCRemoteSwiftPackageReference section */
		9E2CC544280CA5D9004C53F7 /* XCRemoteSwiftPackageReference "Kingfisher" */ = {
			isa = XCRemoteSwiftPackageReference;
			repositoryURL = "https://github.com/onevcat/Kingfisher";
			requirement = {
				kind = upToNextMajorVersion;
				minimumVersion = 7.0.0;
			};
		};
/* End XCRemoteSwiftPackageReference section */

/* Begin XCSwiftPackageProductDependency section */
		9E2CC545280CA5D9004C53F7 /* Kingfisher */ = {
			isa = XCSwiftPackageProductDependency;
			package = 9E2CC544280CA5D9004C53F7 /* XCRemoteSwiftPackageReference "Kingfisher" */;
			productName = Kingfisher;
		};
/* End XCSwiftPackageProductDependency section */
	};
	rootObject = 3D33DC9827CF9E35005150B2 /* Project object */;
}
