// !$*UTF8*$!
{
	archiveVersion = 1;
	classes = {
	};
	objectVersion = 56;
	objects = {

/* Begin PBXBuildFile section */
		3D8AD1972BAB6E1400D81F7E /* SwiftUI_ConceptsApp.swift in Sources */ = {isa = PBXBuildFile; fileRef = 3D8AD1962BAB6E1400D81F7E /* SwiftUI_ConceptsApp.swift */; };
		3D8AD1992BAB6E1400D81F7E /* ContentView.swift in Sources */ = {isa = PBXBuildFile; fileRef = 3D8AD1982BAB6E1400D81F7E /* ContentView.swift */; };
		3D8AD19B2BAB6E1800D81F7E /* Assets.xcassets in Resources */ = {isa = PBXBuildFile; fileRef = 3D8AD19A2BAB6E1800D81F7E /* Assets.xcassets */; };
		3D8AD19E2BAB6E1800D81F7E /* Preview Assets.xcassets in Resources */ = {isa = PBXBuildFile; fileRef = 3D8AD19D2BAB6E1800D81F7E /* Preview Assets.xcassets */; };
		3D8AD1A52BAB6E5000D81F7E /* IfLetBootcamp.swift in Sources */ = {isa = PBXBuildFile; fileRef = 3D8AD1A42BAB6E5000D81F7E /* IfLetBootcamp.swift */; };
/* End PBXBuildFile section */

/* Begin PBXFileReference section */
		3D8AD1932BAB6E1400D81F7E /* SwiftUI+Concepts.app */ = {isa = PBXFileReference; explicitFileType = wrapper.application; includeInIndex = 0; path = "SwiftUI+Concepts.app"; sourceTree = BUILT_PRODUCTS_DIR; };
		3D8AD1962BAB6E1400D81F7E /* SwiftUI_ConceptsApp.swift */ = {isa = PBXFileReference; lastKnownFileType = sourcecode.swift; path = SwiftUI_ConceptsApp.swift; sourceTree = "<group>"; };
		3D8AD1982BAB6E1400D81F7E /* ContentView.swift */ = {isa = PBXFileReference; lastKnownFileType = sourcecode.swift; path = ContentView.swift; sourceTree = "<group>"; };
		3D8AD19A2BAB6E1800D81F7E /* Assets.xcassets */ = {isa = PBXFileReference; lastKnownFileType = folder.assetcatalog; path = Assets.xcassets; sourceTree = "<group>"; };
		3D8AD19D2BAB6E1800D81F7E /* Preview Assets.xcassets */ = {isa = PBXFileReference; lastKnownFileType = folder.assetcatalog; path = "Preview Assets.xcassets"; sourceTree = "<group>"; };
		3D8AD1A42BAB6E5000D81F7E /* IfLetBootcamp.swift */ = {isa = PBXFileReference; lastKnownFileType = sourcecode.swift; path = IfLetBootcamp.swift; sourceTree = "<group>"; };
/* End PBXFileReference section */

/* Begin PBXFrameworksBuildPhase section */
		3D8AD1902BAB6E1400D81F7E /* Frameworks */ = {
			isa = PBXFrameworksBuildPhase;
			buildActionMask = 2147483647;
			files = (
			);
			runOnlyForDeploymentPostprocessing = 0;
		};
/* End PBXFrameworksBuildPhase section */

/* Begin PBXGroup section */
		3D8AD18A2BAB6E1400D81F7E = {
			isa = PBXGroup;
			children = (
				3D8AD1952BAB6E1400D81F7E /* SwiftUI+Concepts */,
				3D8AD1942BAB6E1400D81F7E /* Products */,
			);
			sourceTree = "<group>";
		};
		3D8AD1942BAB6E1400D81F7E /* Products */ = {
			isa = PBXGroup;
			children = (
				3D8AD1932BAB6E1400D81F7E /* SwiftUI+Concepts.app */,
			);
			name = Products;
			sourceTree = "<group>";
		};
		3D8AD1952BAB6E1400D81F7E /* SwiftUI+Concepts */ = {
			isa = PBXGroup;
			children = (
				3DE4DFA02BAB896D0037D672 /* Advanced */,
				3DE4DF9F2BAB89650037D672 /* Intermediate */,
				3DE4DF9E2BAB89410037D672 /* Begginer */,
				3D8AD1962BAB6E1400D81F7E /* SwiftUI_ConceptsApp.swift */,
				3D8AD1982BAB6E1400D81F7E /* ContentView.swift */,
				3D8AD19A2BAB6E1800D81F7E /* Assets.xcassets */,
				3D8AD19C2BAB6E1800D81F7E /* Preview Content */,
			);
			path = "SwiftUI+Concepts";
			sourceTree = "<group>";
		};
		3D8AD19C2BAB6E1800D81F7E /* Preview Content */ = {
			isa = PBXGroup;
			children = (
				3D8AD19D2BAB6E1800D81F7E /* Preview Assets.xcassets */,
			);
			path = "Preview Content";
			sourceTree = "<group>";
		};
		3DE4DF9E2BAB89410037D672 /* Begginer */ = {
			isa = PBXGroup;
			children = (
				3D8AD1A42BAB6E5000D81F7E /* IfLetBootcamp.swift */,
			);
			path = Begginer;
			sourceTree = "<group>";
		};
		3DE4DF9F2BAB89650037D672 /* Intermediate */ = {
			isa = PBXGroup;
			children = (
			);
			path = Intermediate;
			sourceTree = "<group>";
		};
		3DE4DFA02BAB896D0037D672 /* Advanced */ = {
			isa = PBXGroup;
			children = (
			);
			path = Advanced;
			sourceTree = "<group>";
		};
/* End PBXGroup section */

/* Begin PBXNativeTarget section */
		3D8AD1922BAB6E1400D81F7E /* SwiftUI+Concepts */ = {
			isa = PBXNativeTarget;
			buildConfigurationList = 3D8AD1A12BAB6E1800D81F7E /* Build configuration list for PBXNativeTarget "SwiftUI+Concepts" */;
			buildPhases = (
				3D8AD18F2BAB6E1400D81F7E /* Sources */,
				3D8AD1902BAB6E1400D81F7E /* Frameworks */,
				3D8AD1912BAB6E1400D81F7E /* Resources */,
			);
			buildRules = (
			);
			dependencies = (
			);
			name = "SwiftUI+Concepts";
			productName = "SwiftUI+Concepts";
			productReference = 3D8AD1932BAB6E1400D81F7E /* SwiftUI+Concepts.app */;
			productType = "com.apple.product-type.application";
		};
/* End PBXNativeTarget section */

/* Begin PBXProject section */
		3D8AD18B2BAB6E1400D81F7E /* Project object */ = {
			isa = PBXProject;
			attributes = {
				BuildIndependentTargetsInParallel = 1;
				LastSwiftUpdateCheck = 1520;
				LastUpgradeCheck = 1520;
				TargetAttributes = {
					3D8AD1922BAB6E1400D81F7E = {
						CreatedOnToolsVersion = 15.2;
					};
				};
			};
			buildConfigurationList = 3D8AD18E2BAB6E1400D81F7E /* Build configuration list for PBXProject "SwiftUI+Concepts" */;
			compatibilityVersion = "Xcode 14.0";
			developmentRegion = en;
			hasScannedForEncodings = 0;
			knownRegions = (
				en,
				Base,
			);
			mainGroup = 3D8AD18A2BAB6E1400D81F7E;
			productRefGroup = 3D8AD1942BAB6E1400D81F7E /* Products */;
			projectDirPath = "";
			projectRoot = "";
			targets = (
				3D8AD1922BAB6E1400D81F7E /* SwiftUI+Concepts */,
			);
		};
/* End PBXProject section */

/* Begin PBXResourcesBuildPhase section */
		3D8AD1912BAB6E1400D81F7E /* Resources */ = {
			isa = PBXResourcesBuildPhase;
			buildActionMask = 2147483647;
			files = (
				3D8AD19E2BAB6E1800D81F7E /* Preview Assets.xcassets in Resources */,
				3D8AD19B2BAB6E1800D81F7E /* Assets.xcassets in Resources */,
			);
			runOnlyForDeploymentPostprocessing = 0;
		};
/* End PBXResourcesBuildPhase section */

/* Begin PBXSourcesBuildPhase section */
		3D8AD18F2BAB6E1400D81F7E /* Sources */ = {
			isa = PBXSourcesBuildPhase;
			buildActionMask = 2147483647;
			files = (
				3D8AD1A52BAB6E5000D81F7E /* IfLetBootcamp.swift in Sources */,
				3D8AD1992BAB6E1400D81F7E /* ContentView.swift in Sources */,
				3D8AD1972BAB6E1400D81F7E /* SwiftUI_ConceptsApp.swift in Sources */,
			);
			runOnlyForDeploymentPostprocessing = 0;
		};
/* End PBXSourcesBuildPhase section */

/* Begin XCBuildConfiguration section */
		3D8AD19F2BAB6E1800D81F7E /* Debug */ = {
			isa = XCBuildConfiguration;
			buildSettings = {
				ALWAYS_SEARCH_USER_PATHS = NO;
				ASSETCATALOG_COMPILER_GENERATE_SWIFT_ASSET_SYMBOL_EXTENSIONS = YES;
				CLANG_ANALYZER_NONNULL = YES;
				CLANG_ANALYZER_NUMBER_OBJECT_CONVERSION = YES_AGGRESSIVE;
				CLANG_CXX_LANGUAGE_STANDARD = "gnu++20";
				CLANG_ENABLE_MODULES = YES;
				CLANG_ENABLE_OBJC_ARC = YES;
				CLANG_ENABLE_OBJC_WEAK = YES;
				CLANG_WARN_BLOCK_CAPTURE_AUTORELEASING = YES;
				CLANG_WARN_BOOL_CONVERSION = YES;
				CLANG_WARN_COMMA = YES;
				CLANG_WARN_CONSTANT_CONVERSION = YES;
				CLANG_WARN_DEPRECATED_OBJC_IMPLEMENTATIONS = YES;
				CLANG_WARN_DIRECT_OBJC_ISA_USAGE = YES_ERROR;
				CLANG_WARN_DOCUMENTATION_COMMENTS = YES;
				CLANG_WARN_EMPTY_BODY = YES;
				CLANG_WARN_ENUM_CONVERSION = YES;
				CLANG_WARN_INFINITE_RECURSION = YES;
				CLANG_WARN_INT_CONVERSION = YES;
				CLANG_WARN_NON_LITERAL_NULL_CONVERSION = YES;
				CLANG_WARN_OBJC_IMPLICIT_RETAIN_SELF = YES;
				CLANG_WARN_OBJC_LITERAL_CONVERSION = YES;
				CLANG_WARN_OBJC_ROOT_CLASS = YES_ERROR;
				CLANG_WARN_QUOTED_INCLUDE_IN_FRAMEWORK_HEADER = YES;
				CLANG_WARN_RANGE_LOOP_ANALYSIS = YES;
				CLANG_WARN_STRICT_PROTOTYPES = YES;
				CLANG_WARN_SUSPICIOUS_MOVE = YES;
				CLANG_WARN_UNGUARDED_AVAILABILITY = YES_AGGRESSIVE;
				CLANG_WARN_UNREACHABLE_CODE = YES;
				CLANG_WARN__DUPLICATE_METHOD_MATCH = YES;
				COPY_PHASE_STRIP = NO;
				DEBUG_INFORMATION_FORMAT = dwarf;
				ENABLE_STRICT_OBJC_MSGSEND = YES;
				ENABLE_TESTABILITY = YES;
				ENABLE_USER_SCRIPT_SANDBOXING = YES;
				GCC_C_LANGUAGE_STANDARD = gnu17;
				GCC_DYNAMIC_NO_PIC = NO;
				GCC_NO_COMMON_BLOCKS = YES;
				GCC_OPTIMIZATION_LEVEL = 0;
				GCC_PREPROCESSOR_DEFINITIONS = (
					"DEBUG=1",
					"$(inherited)",
				);
				GCC_WARN_64_TO_32_BIT_CONVERSION = YES;
				GCC_WARN_ABOUT_RETURN_TYPE = YES_ERROR;
				GCC_WARN_UNDECLARED_SELECTOR = YES;
				GCC_WARN_UNINITIALIZED_AUTOS = YES_AGGRESSIVE;
				GCC_WARN_UNUSED_FUNCTION = YES;
				GCC_WARN_UNUSED_VARIABLE = YES;
				IPHONEOS_DEPLOYMENT_TARGET = 17.2;
				LOCALIZATION_PREFERS_STRING_CATALOGS = YES;
				MTL_ENABLE_DEBUG_INFO = INCLUDE_SOURCE;
				MTL_FAST_MATH = YES;
				ONLY_ACTIVE_ARCH = YES;
				SDKROOT = iphoneos;
				SWIFT_ACTIVE_COMPILATION_CONDITIONS = "DEBUG $(inherited)";
				SWIFT_OPTIMIZATION_LEVEL = "-Onone";
			};
			name = Debug;
		};
		3D8AD1A02BAB6E1800D81F7E /* Release */ = {
			isa = XCBuildConfiguration;
			buildSettings = {
				ALWAYS_SEARCH_USER_PATHS = NO;
				ASSETCATALOG_COMPILER_GENERATE_SWIFT_ASSET_SYMBOL_EXTENSIONS = YES;
				CLANG_ANALYZER_NONNULL = YES;
				CLANG_ANALYZER_NUMBER_OBJECT_CONVERSION = YES_AGGRESSIVE;
				CLANG_CXX_LANGUAGE_STANDARD = "gnu++20";
				CLANG_ENABLE_MODULES = YES;
				CLANG_ENABLE_OBJC_ARC = YES;
				CLANG_ENABLE_OBJC_WEAK = YES;
				CLANG_WARN_BLOCK_CAPTURE_AUTORELEASING = YES;
				CLANG_WARN_BOOL_CONVERSION = YES;
				CLANG_WARN_COMMA = YES;
				CLANG_WARN_CONSTANT_CONVERSION = YES;
				CLANG_WARN_DEPRECATED_OBJC_IMPLEMENTATIONS = YES;
				CLANG_WARN_DIRECT_OBJC_ISA_USAGE = YES_ERROR;
				CLANG_WARN_DOCUMENTATION_COMMENTS = YES;
				CLANG_WARN_EMPTY_BODY = YES;
				CLANG_WARN_ENUM_CONVERSION = YES;
				CLANG_WARN_INFINITE_RECURSION = YES;
				CLANG_WARN_INT_CONVERSION = YES;
				CLANG_WARN_NON_LITERAL_NULL_CONVERSION = YES;
				CLANG_WARN_OBJC_IMPLICIT_RETAIN_SELF = YES;
				CLANG_WARN_OBJC_LITERAL_CONVERSION = YES;
				CLANG_WARN_OBJC_ROOT_CLASS = YES_ERROR;
				CLANG_WARN_QUOTED_INCLUDE_IN_FRAMEWORK_HEADER = YES;
				CLANG_WARN_RANGE_LOOP_ANALYSIS = YES;
				CLANG_WARN_STRICT_PROTOTYPES = YES;
				CLANG_WARN_SUSPICIOUS_MOVE = YES;
				CLANG_WARN_UNGUARDED_AVAILABILITY = YES_AGGRESSIVE;
				CLANG_WARN_UNREACHABLE_CODE = YES;
				CLANG_WARN__DUPLICATE_METHOD_MATCH = YES;
				COPY_PHASE_STRIP = NO;
				DEBUG_INFORMATION_FORMAT = "dwarf-with-dsym";
				ENABLE_NS_ASSERTIONS = NO;
				ENABLE_STRICT_OBJC_MSGSEND = YES;
				ENABLE_USER_SCRIPT_SANDBOXING = YES;
				GCC_C_LANGUAGE_STANDARD = gnu17;
				GCC_NO_COMMON_BLOCKS = YES;
				GCC_WARN_64_TO_32_BIT_CONVERSION = YES;
				GCC_WARN_ABOUT_RETURN_TYPE = YES_ERROR;
				GCC_WARN_UNDECLARED_SELECTOR = YES;
				GCC_WARN_UNINITIALIZED_AUTOS = YES_AGGRESSIVE;
				GCC_WARN_UNUSED_FUNCTION = YES;
				GCC_WARN_UNUSED_VARIABLE = YES;
				IPHONEOS_DEPLOYMENT_TARGET = 17.2;
				LOCALIZATION_PREFERS_STRING_CATALOGS = YES;
				MTL_ENABLE_DEBUG_INFO = NO;
				MTL_FAST_MATH = YES;
				SDKROOT = iphoneos;
				SWIFT_COMPILATION_MODE = wholemodule;
				VALIDATE_PRODUCT = YES;
			};
			name = Release;
		};
		3D8AD1A22BAB6E1800D81F7E /* Debug */ = {
			isa = XCBuildConfiguration;
			buildSettings = {
				ASSETCATALOG_COMPILER_APPICON_NAME = AppIcon;
				ASSETCATALOG_COMPILER_GLOBAL_ACCENT_COLOR_NAME = AccentColor;
				CODE_SIGN_STYLE = Automatic;
				CURRENT_PROJECT_VERSION = 1;
				DEVELOPMENT_ASSET_PATHS = "\"SwiftUI+Concepts/Preview Content\"";
				ENABLE_PREVIEWS = YES;
				GENERATE_INFOPLIST_FILE = YES;
				INFOPLIST_KEY_UIApplicationSceneManifest_Generation = YES;
				INFOPLIST_KEY_UIApplicationSupportsIndirectInputEvents = YES;
				INFOPLIST_KEY_UILaunchScreen_Generation = YES;
				INFOPLIST_KEY_UISupportedInterfaceOrientations_iPad = "UIInterfaceOrientationPortrait UIInterfaceOrientationPortraitUpsideDown UIInterfaceOrientationLandscapeLeft UIInterfaceOrientationLandscapeRight";
				INFOPLIST_KEY_UISupportedInterfaceOrientations_iPhone = "UIInterfaceOrientationPortrait UIInterfaceOrientationLandscapeLeft UIInterfaceOrientationLandscapeRight";
				LD_RUNPATH_SEARCH_PATHS = (
					"$(inherited)",
					"@executable_path/Frameworks",
				);
				MARKETING_VERSION = 1.0;
				PRODUCT_BUNDLE_IDENTIFIER = "com.juancho.SwiftUI-Concepts";
				PRODUCT_NAME = "$(TARGET_NAME)";
				SWIFT_EMIT_LOC_STRINGS = YES;
				SWIFT_VERSION = 5.0;
				TARGETED_DEVICE_FAMILY = "1,2";
			};
			name = Debug;
		};
		3D8AD1A32BAB6E1800D81F7E /* Release */ = {
			isa = XCBuildConfiguration;
			buildSettings = {
				ASSETCATALOG_COMPILER_APPICON_NAME = AppIcon;
				ASSETCATALOG_COMPILER_GLOBAL_ACCENT_COLOR_NAME = AccentColor;
				CODE_SIGN_STYLE = Automatic;
				CURRENT_PROJECT_VERSION = 1;
				DEVELOPMENT_ASSET_PATHS = "\"SwiftUI+Concepts/Preview Content\"";
				ENABLE_PREVIEWS = YES;
				GENERATE_INFOPLIST_FILE = YES;
				INFOPLIST_KEY_UIApplicationSceneManifest_Generation = YES;
				INFOPLIST_KEY_UIApplicationSupportsIndirectInputEvents = YES;
				INFOPLIST_KEY_UILaunchScreen_Generation = YES;
				INFOPLIST_KEY_UISupportedInterfaceOrientations_iPad = "UIInterfaceOrientationPortrait UIInterfaceOrientationPortraitUpsideDown UIInterfaceOrientationLandscapeLeft UIInterfaceOrientationLandscapeRight";
				INFOPLIST_KEY_UISupportedInterfaceOrientations_iPhone = "UIInterfaceOrientationPortrait UIInterfaceOrientationLandscapeLeft UIInterfaceOrientationLandscapeRight";
				LD_RUNPATH_SEARCH_PATHS = (
					"$(inherited)",
					"@executable_path/Frameworks",
				);
				MARKETING_VERSION = 1.0;
				PRODUCT_BUNDLE_IDENTIFIER = "com.juancho.SwiftUI-Concepts";
				PRODUCT_NAME = "$(TARGET_NAME)";
				SWIFT_EMIT_LOC_STRINGS = YES;
				SWIFT_VERSION = 5.0;
				TARGETED_DEVICE_FAMILY = "1,2";
			};
			name = Release;
		};
/* End XCBuildConfiguration section */

/* Begin XCConfigurationList section */
		3D8AD18E2BAB6E1400D81F7E /* Build configuration list for PBXProject "SwiftUI+Concepts" */ = {
			isa = XCConfigurationList;
			buildConfigurations = (
				3D8AD19F2BAB6E1800D81F7E /* Debug */,
				3D8AD1A02BAB6E1800D81F7E /* Release */,
			);
			defaultConfigurationIsVisible = 0;
			defaultConfigurationName = Release;
		};
		3D8AD1A12BAB6E1800D81F7E /* Build configuration list for PBXNativeTarget "SwiftUI+Concepts" */ = {
			isa = XCConfigurationList;
			buildConfigurations = (
				3D8AD1A22BAB6E1800D81F7E /* Debug */,
				3D8AD1A32BAB6E1800D81F7E /* Release */,
			);
			defaultConfigurationIsVisible = 0;
			defaultConfigurationName = Release;
		};
/* End XCConfigurationList section */
	};
	rootObject = 3D8AD18B2BAB6E1400D81F7E /* Project object */;
}
