// !$*UTF8*$!
{
	archiveVersion = 1;
	classes = {
	};
	objectVersion = 56;
	objects = {

/* Begin PBXBuildFile section */
		9E5D4E1F2996B0CE00243D29 /* CoindeskService.swift in Sources */ = {isa = PBXBuildFile; fileRef = 9E5D4E1E2996B0CE00243D29 /* CoindeskService.swift */; };
		9E9676E9299677580075EE73 /* BitconApp_CombineApp.swift in Sources */ = {isa = PBXBuildFile; fileRef = 9E9676E8299677580075EE73 /* BitconApp_CombineApp.swift */; };
		9E9676EB299677580075EE73 /* BitcoinPriceView.swift in Sources */ = {isa = PBXBuildFile; fileRef = 9E9676EA299677580075EE73 /* BitcoinPriceView.swift */; };
		9E9676ED299677590075EE73 /* Assets.xcassets in Resources */ = {isa = PBXBuildFile; fileRef = 9E9676EC299677590075EE73 /* Assets.xcassets */; };
		9E9676F0299677590075EE73 /* Preview Assets.xcassets in Resources */ = {isa = PBXBuildFile; fileRef = 9E9676EF299677590075EE73 /* Preview Assets.xcassets */; };
		9E9676F7299677720075EE73 /* PriceDetails.swift in Sources */ = {isa = PBXBuildFile; fileRef = 9E9676F6299677720075EE73 /* PriceDetails.swift */; };
		9E9676F929967C920075EE73 /* BitcoinPriceViewModel.swift in Sources */ = {isa = PBXBuildFile; fileRef = 9E9676F829967C920075EE73 /* BitcoinPriceViewModel.swift */; };
/* End PBXBuildFile section */

/* Begin PBXFileReference section */
		9E5D4E1E2996B0CE00243D29 /* CoindeskService.swift */ = {isa = PBXFileReference; lastKnownFileType = sourcecode.swift; path = CoindeskService.swift; sourceTree = "<group>"; };
		9E9676E5299677580075EE73 /* BitconApp+Combine.app */ = {isa = PBXFileReference; explicitFileType = wrapper.application; includeInIndex = 0; path = "BitconApp+Combine.app"; sourceTree = BUILT_PRODUCTS_DIR; };
		9E9676E8299677580075EE73 /* BitconApp_CombineApp.swift */ = {isa = PBXFileReference; lastKnownFileType = sourcecode.swift; path = BitconApp_CombineApp.swift; sourceTree = "<group>"; };
		9E9676EA299677580075EE73 /* BitcoinPriceView.swift */ = {isa = PBXFileReference; lastKnownFileType = sourcecode.swift; path = BitcoinPriceView.swift; sourceTree = "<group>"; };
		9E9676EC299677590075EE73 /* Assets.xcassets */ = {isa = PBXFileReference; lastKnownFileType = folder.assetcatalog; path = Assets.xcassets; sourceTree = "<group>"; };
		9E9676EF299677590075EE73 /* Preview Assets.xcassets */ = {isa = PBXFileReference; lastKnownFileType = folder.assetcatalog; path = "Preview Assets.xcassets"; sourceTree = "<group>"; };
		9E9676F6299677720075EE73 /* PriceDetails.swift */ = {isa = PBXFileReference; lastKnownFileType = sourcecode.swift; path = PriceDetails.swift; sourceTree = "<group>"; };
		9E9676F829967C920075EE73 /* BitcoinPriceViewModel.swift */ = {isa = PBXFileReference; lastKnownFileType = sourcecode.swift; path = BitcoinPriceViewModel.swift; sourceTree = "<group>"; };
/* End PBXFileReference section */

/* Begin PBXFrameworksBuildPhase section */
		9E9676E2299677580075EE73 /* Frameworks */ = {
			isa = PBXFrameworksBuildPhase;
			buildActionMask = 2147483647;
			files = (
			);
			runOnlyForDeploymentPostprocessing = 0;
		};
/* End PBXFrameworksBuildPhase section */

/* Begin PBXGroup section */
		9E9676DC299677580075EE73 = {
			isa = PBXGroup;
			children = (
				9E5D4E1E2996B0CE00243D29 /* CoindeskService.swift */,
				9E9676F829967C920075EE73 /* BitcoinPriceViewModel.swift */,
				9E9676F6299677720075EE73 /* PriceDetails.swift */,
				9E9676E7299677580075EE73 /* BitconApp+Combine */,
				9E9676E6299677580075EE73 /* Products */,
			);
			sourceTree = "<group>";
		};
		9E9676E6299677580075EE73 /* Products */ = {
			isa = PBXGroup;
			children = (
				9E9676E5299677580075EE73 /* BitconApp+Combine.app */,
			);
			name = Products;
			sourceTree = "<group>";
		};
		9E9676E7299677580075EE73 /* BitconApp+Combine */ = {
			isa = PBXGroup;
			children = (
				9E9676E8299677580075EE73 /* BitconApp_CombineApp.swift */,
				9E9676EA299677580075EE73 /* BitcoinPriceView.swift */,
				9E9676EC299677590075EE73 /* Assets.xcassets */,
				9E9676EE299677590075EE73 /* Preview Content */,
			);
			path = "BitconApp+Combine";
			sourceTree = "<group>";
		};
		9E9676EE299677590075EE73 /* Preview Content */ = {
			isa = PBXGroup;
			children = (
				9E9676EF299677590075EE73 /* Preview Assets.xcassets */,
			);
			path = "Preview Content";
			sourceTree = "<group>";
		};
/* End PBXGroup section */

/* Begin PBXNativeTarget section */
		9E9676E4299677580075EE73 /* BitconApp+Combine */ = {
			isa = PBXNativeTarget;
			buildConfigurationList = 9E9676F3299677590075EE73 /* Build configuration list for PBXNativeTarget "BitconApp+Combine" */;
			buildPhases = (
				9E9676E1299677580075EE73 /* Sources */,
				9E9676E2299677580075EE73 /* Frameworks */,
				9E9676E3299677580075EE73 /* Resources */,
			);
			buildRules = (
			);
			dependencies = (
			);
			name = "BitconApp+Combine";
			productName = "BitconApp+Combine";
			productReference = 9E9676E5299677580075EE73 /* BitconApp+Combine.app */;
			productType = "com.apple.product-type.application";
		};
/* End PBXNativeTarget section */

/* Begin PBXProject section */
		9E9676DD299677580075EE73 /* Project object */ = {
			isa = PBXProject;
			attributes = {
				BuildIndependentTargetsInParallel = 1;
				LastSwiftUpdateCheck = 1420;
				LastUpgradeCheck = 1420;
				TargetAttributes = {
					9E9676E4299677580075EE73 = {
						CreatedOnToolsVersion = 14.2;
					};
				};
			};
			buildConfigurationList = 9E9676E0299677580075EE73 /* Build configuration list for PBXProject "BitconApp+Combine" */;
			compatibilityVersion = "Xcode 14.0";
			developmentRegion = en;
			hasScannedForEncodings = 0;
			knownRegions = (
				en,
				Base,
			);
			mainGroup = 9E9676DC299677580075EE73;
			productRefGroup = 9E9676E6299677580075EE73 /* Products */;
			projectDirPath = "";
			projectRoot = "";
			targets = (
				9E9676E4299677580075EE73 /* BitconApp+Combine */,
			);
		};
/* End PBXProject section */

/* Begin PBXResourcesBuildPhase section */
		9E9676E3299677580075EE73 /* Resources */ = {
			isa = PBXResourcesBuildPhase;
			buildActionMask = 2147483647;
			files = (
				9E9676F0299677590075EE73 /* Preview Assets.xcassets in Resources */,
				9E9676ED299677590075EE73 /* Assets.xcassets in Resources */,
			);
			runOnlyForDeploymentPostprocessing = 0;
		};
/* End PBXResourcesBuildPhase section */

/* Begin PBXSourcesBuildPhase section */
		9E9676E1299677580075EE73 /* Sources */ = {
			isa = PBXSourcesBuildPhase;
			buildActionMask = 2147483647;
			files = (
				9E5D4E1F2996B0CE00243D29 /* CoindeskService.swift in Sources */,
				9E9676EB299677580075EE73 /* BitcoinPriceView.swift in Sources */,
				9E9676F929967C920075EE73 /* BitcoinPriceViewModel.swift in Sources */,
				9E9676F7299677720075EE73 /* PriceDetails.swift in Sources */,
				9E9676E9299677580075EE73 /* BitconApp_CombineApp.swift in Sources */,
			);
			runOnlyForDeploymentPostprocessing = 0;
		};
/* End PBXSourcesBuildPhase section */

/* Begin XCBuildConfiguration section */
		9E9676F1299677590075EE73 /* Debug */ = {
			isa = XCBuildConfiguration;
			buildSettings = {
				ALWAYS_SEARCH_USER_PATHS = NO;
				CLANG_ANALYZER_NONNULL = YES;
				CLANG_ANALYZER_NUMBER_OBJECT_CONVERSION = YES_AGGRESSIVE;
				CLANG_CXX_LANGUAGE_STANDARD = "gnu++20";
				CLANG_ENABLE_MODULES = YES;
				CLANG_ENABLE_OBJC_ARC = YES;
				CLANG_ENABLE_OBJC_WEAK = YES;
				CLANG_WARN_BLOCK_CAPTURE_AUTORELEASING = YES;
				CLANG_WARN_BOOL_CONVERSION = YES;
				CLANG_WARN_COMMA = YES;
				CLANG_WARN_CONSTANT_CONVERSION = YES;
				CLANG_WARN_DEPRECATED_OBJC_IMPLEMENTATIONS = YES;
				CLANG_WARN_DIRECT_OBJC_ISA_USAGE = YES_ERROR;
				CLANG_WARN_DOCUMENTATION_COMMENTS = YES;
				CLANG_WARN_EMPTY_BODY = YES;
				CLANG_WARN_ENUM_CONVERSION = YES;
				CLANG_WARN_INFINITE_RECURSION = YES;
				CLANG_WARN_INT_CONVERSION = YES;
				CLANG_WARN_NON_LITERAL_NULL_CONVERSION = YES;
				CLANG_WARN_OBJC_IMPLICIT_RETAIN_SELF = YES;
				CLANG_WARN_OBJC_LITERAL_CONVERSION = YES;
				CLANG_WARN_OBJC_ROOT_CLASS = YES_ERROR;
				CLANG_WARN_QUOTED_INCLUDE_IN_FRAMEWORK_HEADER = YES;
				CLANG_WARN_RANGE_LOOP_ANALYSIS = YES;
				CLANG_WARN_STRICT_PROTOTYPES = YES;
				CLANG_WARN_SUSPICIOUS_MOVE = YES;
				CLANG_WARN_UNGUARDED_AVAILABILITY = YES_AGGRESSIVE;
				CLANG_WARN_UNREACHABLE_CODE = YES;
				CLANG_WARN__DUPLICATE_METHOD_MATCH = YES;
				COPY_PHASE_STRIP = NO;
				DEBUG_INFORMATION_FORMAT = dwarf;
				ENABLE_STRICT_OBJC_MSGSEND = YES;
				ENABLE_TESTABILITY = YES;
				GCC_C_LANGUAGE_STANDARD = gnu11;
				GCC_DYNAMIC_NO_PIC = NO;
				GCC_NO_COMMON_BLOCKS = YES;
				GCC_OPTIMIZATION_LEVEL = 0;
				GCC_PREPROCESSOR_DEFINITIONS = (
					"DEBUG=1",
					"$(inherited)",
				);
				GCC_WARN_64_TO_32_BIT_CONVERSION = YES;
				GCC_WARN_ABOUT_RETURN_TYPE = YES_ERROR;
				GCC_WARN_UNDECLARED_SELECTOR = YES;
				GCC_WARN_UNINITIALIZED_AUTOS = YES_AGGRESSIVE;
				GCC_WARN_UNUSED_FUNCTION = YES;
				GCC_WARN_UNUSED_VARIABLE = YES;
				IPHONEOS_DEPLOYMENT_TARGET = 16.2;
				MTL_ENABLE_DEBUG_INFO = INCLUDE_SOURCE;
				MTL_FAST_MATH = YES;
				ONLY_ACTIVE_ARCH = YES;
				SDKROOT = iphoneos;
				SWIFT_ACTIVE_COMPILATION_CONDITIONS = DEBUG;
				SWIFT_OPTIMIZATION_LEVEL = "-Onone";
			};
			name = Debug;
		};
		9E9676F2299677590075EE73 /* Release */ = {
			isa = XCBuildConfiguration;
			buildSettings = {
				ALWAYS_SEARCH_USER_PATHS = NO;
				CLANG_ANALYZER_NONNULL = YES;
				CLANG_ANALYZER_NUMBER_OBJECT_CONVERSION = YES_AGGRESSIVE;
				CLANG_CXX_LANGUAGE_STANDARD = "gnu++20";
				CLANG_ENABLE_MODULES = YES;
				CLANG_ENABLE_OBJC_ARC = YES;
				CLANG_ENABLE_OBJC_WEAK = YES;
				CLANG_WARN_BLOCK_CAPTURE_AUTORELEASING = YES;
				CLANG_WARN_BOOL_CONVERSION = YES;
				CLANG_WARN_COMMA = YES;
				CLANG_WARN_CONSTANT_CONVERSION = YES;
				CLANG_WARN_DEPRECATED_OBJC_IMPLEMENTATIONS = YES;
				CLANG_WARN_DIRECT_OBJC_ISA_USAGE = YES_ERROR;
				CLANG_WARN_DOCUMENTATION_COMMENTS = YES;
				CLANG_WARN_EMPTY_BODY = YES;
				CLANG_WARN_ENUM_CONVERSION = YES;
				CLANG_WARN_INFINITE_RECURSION = YES;
				CLANG_WARN_INT_CONVERSION = YES;
				CLANG_WARN_NON_LITERAL_NULL_CONVERSION = YES;
				CLANG_WARN_OBJC_IMPLICIT_RETAIN_SELF = YES;
				CLANG_WARN_OBJC_LITERAL_CONVERSION = YES;
				CLANG_WARN_OBJC_ROOT_CLASS = YES_ERROR;
				CLANG_WARN_QUOTED_INCLUDE_IN_FRAMEWORK_HEADER = YES;
				CLANG_WARN_RANGE_LOOP_ANALYSIS = YES;
				CLANG_WARN_STRICT_PROTOTYPES = YES;
				CLANG_WARN_SUSPICIOUS_MOVE = YES;
				CLANG_WARN_UNGUARDED_AVAILABILITY = YES_AGGRESSIVE;
				CLANG_WARN_UNREACHABLE_CODE = YES;
				CLANG_WARN__DUPLICATE_METHOD_MATCH = YES;
				COPY_PHASE_STRIP = NO;
				DEBUG_INFORMATION_FORMAT = "dwarf-with-dsym";
				ENABLE_NS_ASSERTIONS = NO;
				ENABLE_STRICT_OBJC_MSGSEND = YES;
				GCC_C_LANGUAGE_STANDARD = gnu11;
				GCC_NO_COMMON_BLOCKS = YES;
				GCC_WARN_64_TO_32_BIT_CONVERSION = YES;
				GCC_WARN_ABOUT_RETURN_TYPE = YES_ERROR;
				GCC_WARN_UNDECLARED_SELECTOR = YES;
				GCC_WARN_UNINITIALIZED_AUTOS = YES_AGGRESSIVE;
				GCC_WARN_UNUSED_FUNCTION = YES;
				GCC_WARN_UNUSED_VARIABLE = YES;
				IPHONEOS_DEPLOYMENT_TARGET = 16.2;
				MTL_ENABLE_DEBUG_INFO = NO;
				MTL_FAST_MATH = YES;
				SDKROOT = iphoneos;
				SWIFT_COMPILATION_MODE = wholemodule;
				SWIFT_OPTIMIZATION_LEVEL = "-O";
				VALIDATE_PRODUCT = YES;
			};
			name = Release;
		};
		9E9676F4299677590075EE73 /* Debug */ = {
			isa = XCBuildConfiguration;
			buildSettings = {
				ASSETCATALOG_COMPILER_APPICON_NAME = AppIcon;
				ASSETCATALOG_COMPILER_GLOBAL_ACCENT_COLOR_NAME = AccentColor;
				CODE_SIGN_STYLE = Automatic;
				CURRENT_PROJECT_VERSION = 1;
				DEVELOPMENT_ASSET_PATHS = "\"BitconApp+Combine/Preview Content\"";
				ENABLE_PREVIEWS = YES;
				GENERATE_INFOPLIST_FILE = YES;
				INFOPLIST_KEY_UIApplicationSceneManifest_Generation = YES;
				INFOPLIST_KEY_UIApplicationSupportsIndirectInputEvents = YES;
				INFOPLIST_KEY_UILaunchScreen_Generation = YES;
				INFOPLIST_KEY_UISupportedInterfaceOrientations_iPad = "UIInterfaceOrientationPortrait UIInterfaceOrientationPortraitUpsideDown UIInterfaceOrientationLandscapeLeft UIInterfaceOrientationLandscapeRight";
				INFOPLIST_KEY_UISupportedInterfaceOrientations_iPhone = "UIInterfaceOrientationPortrait UIInterfaceOrientationLandscapeLeft UIInterfaceOrientationLandscapeRight";
				LD_RUNPATH_SEARCH_PATHS = (
					"$(inherited)",
					"@executable_path/Frameworks",
				);
				MARKETING_VERSION = 1.0;
				PRODUCT_BUNDLE_IDENTIFIER = "sebastian.com.BitconApp-Combine";
				PRODUCT_NAME = "$(TARGET_NAME)";
				SWIFT_EMIT_LOC_STRINGS = YES;
				SWIFT_VERSION = 5.0;
				TARGETED_DEVICE_FAMILY = "1,2";
			};
			name = Debug;
		};
		9E9676F5299677590075EE73 /* Release */ = {
			isa = XCBuildConfiguration;
			buildSettings = {
				ASSETCATALOG_COMPILER_APPICON_NAME = AppIcon;
				ASSETCATALOG_COMPILER_GLOBAL_ACCENT_COLOR_NAME = AccentColor;
				CODE_SIGN_STYLE = Automatic;
				CURRENT_PROJECT_VERSION = 1;
				DEVELOPMENT_ASSET_PATHS = "\"BitconApp+Combine/Preview Content\"";
				ENABLE_PREVIEWS = YES;
				GENERATE_INFOPLIST_FILE = YES;
				INFOPLIST_KEY_UIApplicationSceneManifest_Generation = YES;
				INFOPLIST_KEY_UIApplicationSupportsIndirectInputEvents = YES;
				INFOPLIST_KEY_UILaunchScreen_Generation = YES;
				INFOPLIST_KEY_UISupportedInterfaceOrientations_iPad = "UIInterfaceOrientationPortrait UIInterfaceOrientationPortraitUpsideDown UIInterfaceOrientationLandscapeLeft UIInterfaceOrientationLandscapeRight";
				INFOPLIST_KEY_UISupportedInterfaceOrientations_iPhone = "UIInterfaceOrientationPortrait UIInterfaceOrientationLandscapeLeft UIInterfaceOrientationLandscapeRight";
				LD_RUNPATH_SEARCH_PATHS = (
					"$(inherited)",
					"@executable_path/Frameworks",
				);
				MARKETING_VERSION = 1.0;
				PRODUCT_BUNDLE_IDENTIFIER = "sebastian.com.BitconApp-Combine";
				PRODUCT_NAME = "$(TARGET_NAME)";
				SWIFT_EMIT_LOC_STRINGS = YES;
				SWIFT_VERSION = 5.0;
				TARGETED_DEVICE_FAMILY = "1,2";
			};
			name = Release;
		};
/* End XCBuildConfiguration section */

/* Begin XCConfigurationList section */
		9E9676E0299677580075EE73 /* Build configuration list for PBXProject "BitconApp+Combine" */ = {
			isa = XCConfigurationList;
			buildConfigurations = (
				9E9676F1299677590075EE73 /* Debug */,
				9E9676F2299677590075EE73 /* Release */,
			);
			defaultConfigurationIsVisible = 0;
			defaultConfigurationName = Release;
		};
		9E9676F3299677590075EE73 /* Build configuration list for PBXNativeTarget "BitconApp+Combine" */ = {
			isa = XCConfigurationList;
			buildConfigurations = (
				9E9676F4299677590075EE73 /* Debug */,
				9E9676F5299677590075EE73 /* Release */,
			);
			defaultConfigurationIsVisible = 0;
			defaultConfigurationName = Release;
		};
/* End XCConfigurationList section */
	};
	rootObject = 9E9676DD299677580075EE73 /* Project object */;
}
