// !$*UTF8*$!
{
	archiveVersion = 1;
	classes = {
	};
	objectVersion = 56;
	objects = {

/* Begin PBXBuildFile section */
		3D644B272ADAFBB400368F2C /* CoinModel.swift in Sources */ = {isa = PBXBuildFile; fileRef = 3D644B262ADAFBB400368F2C /* CoinModel.swift */; };
		3D644B292ADD6E8B00368F2C /* CoinRowView.swift in Sources */ = {isa = PBXBuildFile; fileRef = 3D644B282ADD6E8B00368F2C /* CoinRowView.swift */; };
		3D644B2B2ADD6EF400368F2C /* PreviewProvider.swift in Sources */ = {isa = PBXBuildFile; fileRef = 3D644B2A2ADD6EF400368F2C /* PreviewProvider.swift */; };
		3D644B2D2ADDB53700368F2C /* Double.swift in Sources */ = {isa = PBXBuildFile; fileRef = 3D644B2C2ADDB53700368F2C /* Double.swift */; };
		3D644B2F2ADDC53600368F2C /* HomeViewModel.swift in Sources */ = {isa = PBXBuildFile; fileRef = 3D644B2E2ADDC53600368F2C /* HomeViewModel.swift */; };
		3DBC0AA82AD0A45100EF1BCB /* SwiftUICryptoApp.swift in Sources */ = {isa = PBXBuildFile; fileRef = 3DBC0AA72AD0A45100EF1BCB /* SwiftUICryptoApp.swift */; };
		3DBC0AAA2AD0A45100EF1BCB /* ContentView.swift in Sources */ = {isa = PBXBuildFile; fileRef = 3DBC0AA92AD0A45100EF1BCB /* ContentView.swift */; };
		3DBC0AAC2AD0A45300EF1BCB /* Assets.xcassets in Resources */ = {isa = PBXBuildFile; fileRef = 3DBC0AAB2AD0A45300EF1BCB /* Assets.xcassets */; };
		3DBC0AAF2AD0A45300EF1BCB /* Preview Assets.xcassets in Resources */ = {isa = PBXBuildFile; fileRef = 3DBC0AAE2AD0A45300EF1BCB /* Preview Assets.xcassets */; };
		3DBC0AB72AD0A6D000EF1BCB /* Color.swift in Sources */ = {isa = PBXBuildFile; fileRef = 3DBC0AB62AD0A6D000EF1BCB /* Color.swift */; };
		3DBC0ABD2AD0B02700EF1BCB /* HomeView.swift in Sources */ = {isa = PBXBuildFile; fileRef = 3DBC0ABC2AD0B02700EF1BCB /* HomeView.swift */; };
		3DEB8AC32AD4EAF700888CC8 /* CircleButtonView.swift in Sources */ = {isa = PBXBuildFile; fileRef = 3DEB8AC22AD4EAF700888CC8 /* CircleButtonView.swift */; };
		3DEB8AC52AD4EFC100888CC8 /* CircleButtonAnimationView.swift in Sources */ = {isa = PBXBuildFile; fileRef = 3DEB8AC42AD4EFC100888CC8 /* CircleButtonAnimationView.swift */; };
/* End PBXBuildFile section */

/* Begin PBXFileReference section */
		3D644B262ADAFBB400368F2C /* CoinModel.swift */ = {isa = PBXFileReference; lastKnownFileType = sourcecode.swift; path = CoinModel.swift; sourceTree = "<group>"; };
		3D644B282ADD6E8B00368F2C /* CoinRowView.swift */ = {isa = PBXFileReference; lastKnownFileType = sourcecode.swift; path = CoinRowView.swift; sourceTree = "<group>"; };
		3D644B2A2ADD6EF400368F2C /* PreviewProvider.swift */ = {isa = PBXFileReference; lastKnownFileType = sourcecode.swift; path = PreviewProvider.swift; sourceTree = "<group>"; };
		3D644B2C2ADDB53700368F2C /* Double.swift */ = {isa = PBXFileReference; lastKnownFileType = sourcecode.swift; path = Double.swift; sourceTree = "<group>"; };
		3D644B2E2ADDC53600368F2C /* HomeViewModel.swift */ = {isa = PBXFileReference; lastKnownFileType = sourcecode.swift; path = HomeViewModel.swift; sourceTree = "<group>"; };
		3DBC0AA42AD0A45100EF1BCB /* SwiftUICrypto.app */ = {isa = PBXFileReference; explicitFileType = wrapper.application; includeInIndex = 0; path = SwiftUICrypto.app; sourceTree = BUILT_PRODUCTS_DIR; };
		3DBC0AA72AD0A45100EF1BCB /* SwiftUICryptoApp.swift */ = {isa = PBXFileReference; lastKnownFileType = sourcecode.swift; path = SwiftUICryptoApp.swift; sourceTree = "<group>"; };
		3DBC0AA92AD0A45100EF1BCB /* ContentView.swift */ = {isa = PBXFileReference; lastKnownFileType = sourcecode.swift; path = ContentView.swift; sourceTree = "<group>"; };
		3DBC0AAB2AD0A45300EF1BCB /* Assets.xcassets */ = {isa = PBXFileReference; lastKnownFileType = folder.assetcatalog; path = Assets.xcassets; sourceTree = "<group>"; };
		3DBC0AAE2AD0A45300EF1BCB /* Preview Assets.xcassets */ = {isa = PBXFileReference; lastKnownFileType = folder.assetcatalog; path = "Preview Assets.xcassets"; sourceTree = "<group>"; };
		3DBC0AB62AD0A6D000EF1BCB /* Color.swift */ = {isa = PBXFileReference; lastKnownFileType = sourcecode.swift; path = Color.swift; sourceTree = "<group>"; };
		3DBC0ABC2AD0B02700EF1BCB /* HomeView.swift */ = {isa = PBXFileReference; lastKnownFileType = sourcecode.swift; path = HomeView.swift; sourceTree = "<group>"; };
		3DEB8AC22AD4EAF700888CC8 /* CircleButtonView.swift */ = {isa = PBXFileReference; lastKnownFileType = sourcecode.swift; path = CircleButtonView.swift; sourceTree = "<group>"; };
		3DEB8AC42AD4EFC100888CC8 /* CircleButtonAnimationView.swift */ = {isa = PBXFileReference; lastKnownFileType = sourcecode.swift; path = CircleButtonAnimationView.swift; sourceTree = "<group>"; };
/* End PBXFileReference section */

/* Begin PBXFrameworksBuildPhase section */
		3DBC0AA12AD0A45100EF1BCB /* Frameworks */ = {
			isa = PBXFrameworksBuildPhase;
			buildActionMask = 2147483647;
			files = (
			);
			runOnlyForDeploymentPostprocessing = 0;
		};
/* End PBXFrameworksBuildPhase section */

/* Begin PBXGroup section */
		3D644B252ADAFB9500368F2C /* Models */ = {
			isa = PBXGroup;
			children = (
				3D644B262ADAFBB400368F2C /* CoinModel.swift */,
			);
			path = Models;
			sourceTree = "<group>";
		};
		3DBC0A9B2AD0A45100EF1BCB = {
			isa = PBXGroup;
			children = (
				3DBC0AA62AD0A45100EF1BCB /* SwiftUICrypto */,
				3DBC0AA52AD0A45100EF1BCB /* Products */,
			);
			sourceTree = "<group>";
		};
		3DBC0AA52AD0A45100EF1BCB /* Products */ = {
			isa = PBXGroup;
			children = (
				3DBC0AA42AD0A45100EF1BCB /* SwiftUICrypto.app */,
			);
			name = Products;
			sourceTree = "<group>";
		};
		3DBC0AA62AD0A45100EF1BCB /* SwiftUICrypto */ = {
			isa = PBXGroup;
			children = (
				3D644B252ADAFB9500368F2C /* Models */,
				3DBC0AB82AD0AF6200EF1BCB /* Core */,
				3DBC0AB52AD0A6BF00EF1BCB /* Extensions */,
				3DBC0AA72AD0A45100EF1BCB /* SwiftUICryptoApp.swift */,
				3DBC0AA92AD0A45100EF1BCB /* ContentView.swift */,
				3DBC0AAB2AD0A45300EF1BCB /* Assets.xcassets */,
				3DBC0AAD2AD0A45300EF1BCB /* Preview Content */,
			);
			path = SwiftUICrypto;
			sourceTree = "<group>";
		};
		3DBC0AAD2AD0A45300EF1BCB /* Preview Content */ = {
			isa = PBXGroup;
			children = (
				3DBC0AAE2AD0A45300EF1BCB /* Preview Assets.xcassets */,
			);
			path = "Preview Content";
			sourceTree = "<group>";
		};
		3DBC0AB52AD0A6BF00EF1BCB /* Extensions */ = {
			isa = PBXGroup;
			children = (
				3DBC0AB62AD0A6D000EF1BCB /* Color.swift */,
				3D644B2A2ADD6EF400368F2C /* PreviewProvider.swift */,
				3D644B2C2ADDB53700368F2C /* Double.swift */,
			);
			path = Extensions;
			sourceTree = "<group>";
		};
		3DBC0AB82AD0AF6200EF1BCB /* Core */ = {
			isa = PBXGroup;
			children = (
				3DBC0AB92AD0AF6900EF1BCB /* Home */,
			);
			path = Core;
			sourceTree = "<group>";
		};
		3DBC0AB92AD0AF6900EF1BCB /* Home */ = {
			isa = PBXGroup;
			children = (
				3DEB8AC02AD4EAD600888CC8 /* Components */,
				3DBC0ABB2AD0AF9500EF1BCB /* Views */,
				3DBC0ABA2AD0AF8F00EF1BCB /* ViewModels */,
			);
			path = Home;
			sourceTree = "<group>";
		};
		3DBC0ABA2AD0AF8F00EF1BCB /* ViewModels */ = {
			isa = PBXGroup;
			children = (
				3D644B2E2ADDC53600368F2C /* HomeViewModel.swift */,
			);
			path = ViewModels;
			sourceTree = "<group>";
		};
		3DBC0ABB2AD0AF9500EF1BCB /* Views */ = {
			isa = PBXGroup;
			children = (
				3DBC0ABC2AD0B02700EF1BCB /* HomeView.swift */,
				3D644B282ADD6E8B00368F2C /* CoinRowView.swift */,
			);
			path = Views;
			sourceTree = "<group>";
		};
		3DEB8AC02AD4EAD600888CC8 /* Components */ = {
			isa = PBXGroup;
			children = (
				3DEB8AC12AD4EAE300888CC8 /* CircleButton */,
			);
			path = Components;
			sourceTree = "<group>";
		};
		3DEB8AC12AD4EAE300888CC8 /* CircleButton */ = {
			isa = PBXGroup;
			children = (
				3DEB8AC22AD4EAF700888CC8 /* CircleButtonView.swift */,
				3DEB8AC42AD4EFC100888CC8 /* CircleButtonAnimationView.swift */,
			);
			path = CircleButton;
			sourceTree = "<group>";
		};
/* End PBXGroup section */

/* Begin PBXNativeTarget section */
		3DBC0AA32AD0A45100EF1BCB /* SwiftUICrypto */ = {
			isa = PBXNativeTarget;
			buildConfigurationList = 3DBC0AB22AD0A45300EF1BCB /* Build configuration list for PBXNativeTarget "SwiftUICrypto" */;
			buildPhases = (
				3DBC0AA02AD0A45100EF1BCB /* Sources */,
				3DBC0AA12AD0A45100EF1BCB /* Frameworks */,
				3DBC0AA22AD0A45100EF1BCB /* Resources */,
			);
			buildRules = (
			);
			dependencies = (
			);
			name = SwiftUICrypto;
			productName = SwiftUICrypto;
			productReference = 3DBC0AA42AD0A45100EF1BCB /* SwiftUICrypto.app */;
			productType = "com.apple.product-type.application";
		};
/* End PBXNativeTarget section */

/* Begin PBXProject section */
		3DBC0A9C2AD0A45100EF1BCB /* Project object */ = {
			isa = PBXProject;
			attributes = {
				BuildIndependentTargetsInParallel = 1;
				LastSwiftUpdateCheck = 1430;
				LastUpgradeCheck = 1430;
				TargetAttributes = {
					3DBC0AA32AD0A45100EF1BCB = {
						CreatedOnToolsVersion = 14.3;
					};
				};
			};
			buildConfigurationList = 3DBC0A9F2AD0A45100EF1BCB /* Build configuration list for PBXProject "SwiftUICrypto" */;
			compatibilityVersion = "Xcode 14.0";
			developmentRegion = en;
			hasScannedForEncodings = 0;
			knownRegions = (
				en,
				Base,
			);
			mainGroup = 3DBC0A9B2AD0A45100EF1BCB;
			productRefGroup = 3DBC0AA52AD0A45100EF1BCB /* Products */;
			projectDirPath = "";
			projectRoot = "";
			targets = (
				3DBC0AA32AD0A45100EF1BCB /* SwiftUICrypto */,
			);
		};
/* End PBXProject section */

/* Begin PBXResourcesBuildPhase section */
		3DBC0AA22AD0A45100EF1BCB /* Resources */ = {
			isa = PBXResourcesBuildPhase;
			buildActionMask = 2147483647;
			files = (
				3DBC0AAF2AD0A45300EF1BCB /* Preview Assets.xcassets in Resources */,
				3DBC0AAC2AD0A45300EF1BCB /* Assets.xcassets in Resources */,
			);
			runOnlyForDeploymentPostprocessing = 0;
		};
/* End PBXResourcesBuildPhase section */

/* Begin PBXSourcesBuildPhase section */
		3DBC0AA02AD0A45100EF1BCB /* Sources */ = {
			isa = PBXSourcesBuildPhase;
			buildActionMask = 2147483647;
			files = (
				3D644B292ADD6E8B00368F2C /* CoinRowView.swift in Sources */,
				3D644B2F2ADDC53600368F2C /* HomeViewModel.swift in Sources */,
				3DBC0AAA2AD0A45100EF1BCB /* ContentView.swift in Sources */,
				3DBC0ABD2AD0B02700EF1BCB /* HomeView.swift in Sources */,
				3DBC0AA82AD0A45100EF1BCB /* SwiftUICryptoApp.swift in Sources */,
				3DEB8AC32AD4EAF700888CC8 /* CircleButtonView.swift in Sources */,
				3DBC0AB72AD0A6D000EF1BCB /* Color.swift in Sources */,
				3DEB8AC52AD4EFC100888CC8 /* CircleButtonAnimationView.swift in Sources */,
				3D644B2B2ADD6EF400368F2C /* PreviewProvider.swift in Sources */,
				3D644B2D2ADDB53700368F2C /* Double.swift in Sources */,
				3D644B272ADAFBB400368F2C /* CoinModel.swift in Sources */,
			);
			runOnlyForDeploymentPostprocessing = 0;
		};
/* End PBXSourcesBuildPhase section */

/* Begin XCBuildConfiguration section */
		3DBC0AB02AD0A45300EF1BCB /* Debug */ = {
			isa = XCBuildConfiguration;
			buildSettings = {
				ALWAYS_SEARCH_USER_PATHS = NO;
				CLANG_ANALYZER_NONNULL = YES;
				CLANG_ANALYZER_NUMBER_OBJECT_CONVERSION = YES_AGGRESSIVE;
				CLANG_CXX_LANGUAGE_STANDARD = "gnu++20";
				CLANG_ENABLE_MODULES = YES;
				CLANG_ENABLE_OBJC_ARC = YES;
				CLANG_ENABLE_OBJC_WEAK = YES;
				CLANG_WARN_BLOCK_CAPTURE_AUTORELEASING = YES;
				CLANG_WARN_BOOL_CONVERSION = YES;
				CLANG_WARN_COMMA = YES;
				CLANG_WARN_CONSTANT_CONVERSION = YES;
				CLANG_WARN_DEPRECATED_OBJC_IMPLEMENTATIONS = YES;
				CLANG_WARN_DIRECT_OBJC_ISA_USAGE = YES_ERROR;
				CLANG_WARN_DOCUMENTATION_COMMENTS = YES;
				CLANG_WARN_EMPTY_BODY = YES;
				CLANG_WARN_ENUM_CONVERSION = YES;
				CLANG_WARN_INFINITE_RECURSION = YES;
				CLANG_WARN_INT_CONVERSION = YES;
				CLANG_WARN_NON_LITERAL_NULL_CONVERSION = YES;
				CLANG_WARN_OBJC_IMPLICIT_RETAIN_SELF = YES;
				CLANG_WARN_OBJC_LITERAL_CONVERSION = YES;
				CLANG_WARN_OBJC_ROOT_CLASS = YES_ERROR;
				CLANG_WARN_QUOTED_INCLUDE_IN_FRAMEWORK_HEADER = YES;
				CLANG_WARN_RANGE_LOOP_ANALYSIS = YES;
				CLANG_WARN_STRICT_PROTOTYPES = YES;
				CLANG_WARN_SUSPICIOUS_MOVE = YES;
				CLANG_WARN_UNGUARDED_AVAILABILITY = YES_AGGRESSIVE;
				CLANG_WARN_UNREACHABLE_CODE = YES;
				CLANG_WARN__DUPLICATE_METHOD_MATCH = YES;
				COPY_PHASE_STRIP = NO;
				DEBUG_INFORMATION_FORMAT = dwarf;
				ENABLE_STRICT_OBJC_MSGSEND = YES;
				ENABLE_TESTABILITY = YES;
				GCC_C_LANGUAGE_STANDARD = gnu11;
				GCC_DYNAMIC_NO_PIC = NO;
				GCC_NO_COMMON_BLOCKS = YES;
				GCC_OPTIMIZATION_LEVEL = 0;
				GCC_PREPROCESSOR_DEFINITIONS = (
					"DEBUG=1",
					"$(inherited)",
				);
				GCC_WARN_64_TO_32_BIT_CONVERSION = YES;
				GCC_WARN_ABOUT_RETURN_TYPE = YES_ERROR;
				GCC_WARN_UNDECLARED_SELECTOR = YES;
				GCC_WARN_UNINITIALIZED_AUTOS = YES_AGGRESSIVE;
				GCC_WARN_UNUSED_FUNCTION = YES;
				GCC_WARN_UNUSED_VARIABLE = YES;
				IPHONEOS_DEPLOYMENT_TARGET = 16.4;
				MTL_ENABLE_DEBUG_INFO = INCLUDE_SOURCE;
				MTL_FAST_MATH = YES;
				ONLY_ACTIVE_ARCH = YES;
				SDKROOT = iphoneos;
				SWIFT_ACTIVE_COMPILATION_CONDITIONS = DEBUG;
				SWIFT_OPTIMIZATION_LEVEL = "-Onone";
			};
			name = Debug;
		};
		3DBC0AB12AD0A45300EF1BCB /* Release */ = {
			isa = XCBuildConfiguration;
			buildSettings = {
				ALWAYS_SEARCH_USER_PATHS = NO;
				CLANG_ANALYZER_NONNULL = YES;
				CLANG_ANALYZER_NUMBER_OBJECT_CONVERSION = YES_AGGRESSIVE;
				CLANG_CXX_LANGUAGE_STANDARD = "gnu++20";
				CLANG_ENABLE_MODULES = YES;
				CLANG_ENABLE_OBJC_ARC = YES;
				CLANG_ENABLE_OBJC_WEAK = YES;
				CLANG_WARN_BLOCK_CAPTURE_AUTORELEASING = YES;
				CLANG_WARN_BOOL_CONVERSION = YES;
				CLANG_WARN_COMMA = YES;
				CLANG_WARN_CONSTANT_CONVERSION = YES;
				CLANG_WARN_DEPRECATED_OBJC_IMPLEMENTATIONS = YES;
				CLANG_WARN_DIRECT_OBJC_ISA_USAGE = YES_ERROR;
				CLANG_WARN_DOCUMENTATION_COMMENTS = YES;
				CLANG_WARN_EMPTY_BODY = YES;
				CLANG_WARN_ENUM_CONVERSION = YES;
				CLANG_WARN_INFINITE_RECURSION = YES;
				CLANG_WARN_INT_CONVERSION = YES;
				CLANG_WARN_NON_LITERAL_NULL_CONVERSION = YES;
				CLANG_WARN_OBJC_IMPLICIT_RETAIN_SELF = YES;
				CLANG_WARN_OBJC_LITERAL_CONVERSION = YES;
				CLANG_WARN_OBJC_ROOT_CLASS = YES_ERROR;
				CLANG_WARN_QUOTED_INCLUDE_IN_FRAMEWORK_HEADER = YES;
				CLANG_WARN_RANGE_LOOP_ANALYSIS = YES;
				CLANG_WARN_STRICT_PROTOTYPES = YES;
				CLANG_WARN_SUSPICIOUS_MOVE = YES;
				CLANG_WARN_UNGUARDED_AVAILABILITY = YES_AGGRESSIVE;
				CLANG_WARN_UNREACHABLE_CODE = YES;
				CLANG_WARN__DUPLICATE_METHOD_MATCH = YES;
				COPY_PHASE_STRIP = NO;
				DEBUG_INFORMATION_FORMAT = "dwarf-with-dsym";
				ENABLE_NS_ASSERTIONS = NO;
				ENABLE_STRICT_OBJC_MSGSEND = YES;
				GCC_C_LANGUAGE_STANDARD = gnu11;
				GCC_NO_COMMON_BLOCKS = YES;
				GCC_WARN_64_TO_32_BIT_CONVERSION = YES;
				GCC_WARN_ABOUT_RETURN_TYPE = YES_ERROR;
				GCC_WARN_UNDECLARED_SELECTOR = YES;
				GCC_WARN_UNINITIALIZED_AUTOS = YES_AGGRESSIVE;
				GCC_WARN_UNUSED_FUNCTION = YES;
				GCC_WARN_UNUSED_VARIABLE = YES;
				IPHONEOS_DEPLOYMENT_TARGET = 16.4;
				MTL_ENABLE_DEBUG_INFO = NO;
				MTL_FAST_MATH = YES;
				SDKROOT = iphoneos;
				SWIFT_COMPILATION_MODE = wholemodule;
				SWIFT_OPTIMIZATION_LEVEL = "-O";
				VALIDATE_PRODUCT = YES;
			};
			name = Release;
		};
		3DBC0AB32AD0A45300EF1BCB /* Debug */ = {
			isa = XCBuildConfiguration;
			buildSettings = {
				ASSETCATALOG_COMPILER_APPICON_NAME = AppIcon;
				ASSETCATALOG_COMPILER_GLOBAL_ACCENT_COLOR_NAME = AccentColor;
				CODE_SIGN_STYLE = Automatic;
				CURRENT_PROJECT_VERSION = 1;
				DEVELOPMENT_ASSET_PATHS = "\"SwiftUICrypto/Preview Content\"";
				ENABLE_PREVIEWS = YES;
				GENERATE_INFOPLIST_FILE = YES;
				INFOPLIST_KEY_CFBundleDisplayName = "Crypto Tracker";
				INFOPLIST_KEY_UIApplicationSceneManifest_Generation = YES;
				INFOPLIST_KEY_UIApplicationSupportsIndirectInputEvents = YES;
				INFOPLIST_KEY_UILaunchScreen_Generation = YES;
				INFOPLIST_KEY_UISupportedInterfaceOrientations = UIInterfaceOrientationPortrait;
				INFOPLIST_KEY_UISupportedInterfaceOrientations_iPad = "UIInterfaceOrientationLandscapeLeft UIInterfaceOrientationLandscapeRight UIInterfaceOrientationPortrait UIInterfaceOrientationPortraitUpsideDown";
				LD_RUNPATH_SEARCH_PATHS = (
					"$(inherited)",
					"@executable_path/Frameworks",
				);
				MARKETING_VERSION = 1.0;
				PRODUCT_BUNDLE_IDENTIFIER = com.juancho.SwiftUICrypto;
				PRODUCT_NAME = "$(TARGET_NAME)";
				SWIFT_EMIT_LOC_STRINGS = YES;
				SWIFT_VERSION = 5.0;
				TARGETED_DEVICE_FAMILY = "1,2";
			};
			name = Debug;
		};
		3DBC0AB42AD0A45300EF1BCB /* Release */ = {
			isa = XCBuildConfiguration;
			buildSettings = {
				ASSETCATALOG_COMPILER_APPICON_NAME = AppIcon;
				ASSETCATALOG_COMPILER_GLOBAL_ACCENT_COLOR_NAME = AccentColor;
				CODE_SIGN_STYLE = Automatic;
				CURRENT_PROJECT_VERSION = 1;
				DEVELOPMENT_ASSET_PATHS = "\"SwiftUICrypto/Preview Content\"";
				ENABLE_PREVIEWS = YES;
				GENERATE_INFOPLIST_FILE = YES;
				INFOPLIST_KEY_CFBundleDisplayName = "Crypto Tracker";
				INFOPLIST_KEY_UIApplicationSceneManifest_Generation = YES;
				INFOPLIST_KEY_UIApplicationSupportsIndirectInputEvents = YES;
				INFOPLIST_KEY_UILaunchScreen_Generation = YES;
				INFOPLIST_KEY_UISupportedInterfaceOrientations = UIInterfaceOrientationPortrait;
				INFOPLIST_KEY_UISupportedInterfaceOrientations_iPad = "UIInterfaceOrientationLandscapeLeft UIInterfaceOrientationLandscapeRight UIInterfaceOrientationPortrait UIInterfaceOrientationPortraitUpsideDown";
				LD_RUNPATH_SEARCH_PATHS = (
					"$(inherited)",
					"@executable_path/Frameworks",
				);
				MARKETING_VERSION = 1.0;
				PRODUCT_BUNDLE_IDENTIFIER = com.juancho.SwiftUICrypto;
				PRODUCT_NAME = "$(TARGET_NAME)";
				SWIFT_EMIT_LOC_STRINGS = YES;
				SWIFT_VERSION = 5.0;
				TARGETED_DEVICE_FAMILY = "1,2";
			};
			name = Release;
		};
/* End XCBuildConfiguration section */

/* Begin XCConfigurationList section */
		3DBC0A9F2AD0A45100EF1BCB /* Build configuration list for PBXProject "SwiftUICrypto" */ = {
			isa = XCConfigurationList;
			buildConfigurations = (
				3DBC0AB02AD0A45300EF1BCB /* Debug */,
				3DBC0AB12AD0A45300EF1BCB /* Release */,
			);
			defaultConfigurationIsVisible = 0;
			defaultConfigurationName = Release;
		};
		3DBC0AB22AD0A45300EF1BCB /* Build configuration list for PBXNativeTarget "SwiftUICrypto" */ = {
			isa = XCConfigurationList;
			buildConfigurations = (
				3DBC0AB32AD0A45300EF1BCB /* Debug */,
				3DBC0AB42AD0A45300EF1BCB /* Release */,
			);
			defaultConfigurationIsVisible = 0;
			defaultConfigurationName = Release;
		};
/* End XCConfigurationList section */
	};
	rootObject = 3DBC0A9C2AD0A45100EF1BCB /* Project object */;
}
