// !$*UTF8*$!
{
	archiveVersion = 1;
	classes = {
	};
	objectVersion = 56;
	objects = {

/* Begin PBXBuildFile section */
		3D130AB52BC73C8100377F9D /* GoogleService-Info.plist in Resources */ = {isa = PBXBuildFile; fileRef = 3D130AB42BC73C8100377F9D /* GoogleService-Info.plist */; };
		3D130AB82BC73E3400377F9D /* FirebaseAnalytics in Frameworks */ = {isa = PBXBuildFile; productRef = 3D130AB72BC73E3400377F9D /* FirebaseAnalytics */; };
		3D130ABA2BC73E3400377F9D /* FirebaseAnalyticsOnDeviceConversion in Frameworks */ = {isa = PBXBuildFile; productRef = 3D130AB92BC73E3400377F9D /* FirebaseAnalyticsOnDeviceConversion */; };
		3D130ABC2BC73E3400377F9D /* FirebaseAnalyticsSwift in Frameworks */ = {isa = PBXBuildFile; productRef = 3D130ABB2BC73E3400377F9D /* FirebaseAnalyticsSwift */; };
		3D130ABE2BC73E3400377F9D /* FirebaseAnalyticsWithoutAdIdSupport in Frameworks */ = {isa = PBXBuildFile; productRef = 3D130ABD2BC73E3400377F9D /* FirebaseAnalyticsWithoutAdIdSupport */; };
		3D130AC02BC73E3400377F9D /* FirebaseAppCheck in Frameworks */ = {isa = PBXBuildFile; productRef = 3D130ABF2BC73E3400377F9D /* FirebaseAppCheck */; };
		3D130AC22BC73E3400377F9D /* FirebaseAppDistribution-Beta in Frameworks */ = {isa = PBXBuildFile; productRef = 3D130AC12BC73E3400377F9D /* FirebaseAppDistribution-Beta */; };
		3D130AC42BC73E3400377F9D /* FirebaseAuth in Frameworks */ = {isa = PBXBuildFile; productRef = 3D130AC32BC73E3400377F9D /* FirebaseAuth */; };
		3D130AC62BC73E3400377F9D /* FirebaseAuthCombine-Community in Frameworks */ = {isa = PBXBuildFile; productRef = 3D130AC52BC73E3400377F9D /* FirebaseAuthCombine-Community */; };
		3D130AC82BC73E3400377F9D /* FirebaseCrashlytics in Frameworks */ = {isa = PBXBuildFile; productRef = 3D130AC72BC73E3400377F9D /* FirebaseCrashlytics */; };
		3D130ACA2BC73E3400377F9D /* FirebaseDatabase in Frameworks */ = {isa = PBXBuildFile; productRef = 3D130AC92BC73E3400377F9D /* FirebaseDatabase */; };
		3D130ACC2BC73E3400377F9D /* FirebaseDatabaseSwift in Frameworks */ = {isa = PBXBuildFile; productRef = 3D130ACB2BC73E3400377F9D /* FirebaseDatabaseSwift */; };
		3D130ACE2BC73E3400377F9D /* FirebaseDynamicLinks in Frameworks */ = {isa = PBXBuildFile; productRef = 3D130ACD2BC73E3400377F9D /* FirebaseDynamicLinks */; };
		3D130AD02BC73E3400377F9D /* FirebaseFirestore in Frameworks */ = {isa = PBXBuildFile; productRef = 3D130ACF2BC73E3400377F9D /* FirebaseFirestore */; };
		3D130AD22BC73E3400377F9D /* FirebaseFirestoreCombine-Community in Frameworks */ = {isa = PBXBuildFile; productRef = 3D130AD12BC73E3400377F9D /* FirebaseFirestoreCombine-Community */; };
		3D130AD42BC73E3400377F9D /* FirebaseFirestoreSwift in Frameworks */ = {isa = PBXBuildFile; productRef = 3D130AD32BC73E3400377F9D /* FirebaseFirestoreSwift */; };
		3D130AD62BC73E3400377F9D /* FirebaseFunctions in Frameworks */ = {isa = PBXBuildFile; productRef = 3D130AD52BC73E3400377F9D /* FirebaseFunctions */; };
		3D130AD82BC73E3400377F9D /* FirebaseFunctionsCombine-Community in Frameworks */ = {isa = PBXBuildFile; productRef = 3D130AD72BC73E3400377F9D /* FirebaseFunctionsCombine-Community */; };
		3D130ADA2BC73E3400377F9D /* FirebaseInAppMessaging-Beta in Frameworks */ = {isa = PBXBuildFile; productRef = 3D130AD92BC73E3400377F9D /* FirebaseInAppMessaging-Beta */; };
		3D130ADC2BC73E3400377F9D /* FirebaseInAppMessagingSwift-Beta in Frameworks */ = {isa = PBXBuildFile; productRef = 3D130ADB2BC73E3400377F9D /* FirebaseInAppMessagingSwift-Beta */; };
		3D130ADE2BC73E3400377F9D /* FirebaseInstallations in Frameworks */ = {isa = PBXBuildFile; productRef = 3D130ADD2BC73E3400377F9D /* FirebaseInstallations */; };
		3D130AE02BC73E3400377F9D /* FirebaseMLModelDownloader in Frameworks */ = {isa = PBXBuildFile; productRef = 3D130ADF2BC73E3400377F9D /* FirebaseMLModelDownloader */; };
		3D130AE22BC73E3400377F9D /* FirebaseMessaging in Frameworks */ = {isa = PBXBuildFile; productRef = 3D130AE12BC73E3400377F9D /* FirebaseMessaging */; };
		3D130AE42BC73E3400377F9D /* FirebasePerformance in Frameworks */ = {isa = PBXBuildFile; productRef = 3D130AE32BC73E3400377F9D /* FirebasePerformance */; };
		3D130AE62BC73E3400377F9D /* FirebaseRemoteConfig in Frameworks */ = {isa = PBXBuildFile; productRef = 3D130AE52BC73E3400377F9D /* FirebaseRemoteConfig */; };
		3D130AE82BC73E3400377F9D /* FirebaseRemoteConfigSwift in Frameworks */ = {isa = PBXBuildFile; productRef = 3D130AE72BC73E3400377F9D /* FirebaseRemoteConfigSwift */; };
		3D130AEA2BC73E3400377F9D /* FirebaseStorage in Frameworks */ = {isa = PBXBuildFile; productRef = 3D130AE92BC73E3400377F9D /* FirebaseStorage */; };
		3D130AEC2BC73E3400377F9D /* FirebaseStorageCombine-Community in Frameworks */ = {isa = PBXBuildFile; productRef = 3D130AEB2BC73E3400377F9D /* FirebaseStorageCombine-Community */; };
		3D130AEF2BC7406600377F9D /* RegistrationViewModel.swift in Sources */ = {isa = PBXBuildFile; fileRef = 3D130AEE2BC7406600377F9D /* RegistrationViewModel.swift */; };
		3D130AF22BC7416200377F9D /* AuthService.swift in Sources */ = {isa = PBXBuildFile; fileRef = 3D130AF12BC7416200377F9D /* AuthService.swift */; };
		3D7C718C2BC2F75D0065968F /* ProfileThreadFilter.swift in Sources */ = {isa = PBXBuildFile; fileRef = 3D7C718B2BC2F75D0065968F /* ProfileThreadFilter.swift */; };
		3D9F511A2BBCD3E200D4AC55 /* ThreadView.swift in Sources */ = {isa = PBXBuildFile; fileRef = 3D9F51192BBCD3E200D4AC55 /* ThreadView.swift */; };
		3D9F511D2BBCECFE00D4AC55 /* CircularProfileImageView.swift in Sources */ = {isa = PBXBuildFile; fileRef = 3D9F511C2BBCECFE00D4AC55 /* CircularProfileImageView.swift */; };
		3D9F511F2BBCED9A00D4AC55 /* UserCell.swift in Sources */ = {isa = PBXBuildFile; fileRef = 3D9F511E2BBCED9A00D4AC55 /* UserCell.swift */; };
		3DA102BE2BBB5CBD0094C31D /* RegistrationView.swift in Sources */ = {isa = PBXBuildFile; fileRef = 3DA102BD2BBB5CBD0094C31D /* RegistrationView.swift */; };
		3DA102C12BBB5F7B0094C31D /* ThreadsTextFieldModifier.swift in Sources */ = {isa = PBXBuildFile; fileRef = 3DA102C02BBB5F7B0094C31D /* ThreadsTextFieldModifier.swift */; };
		3DA102C42BBC30750094C31D /* ThreadsTabView.swift in Sources */ = {isa = PBXBuildFile; fileRef = 3DA102C32BBC30750094C31D /* ThreadsTabView.swift */; };
		3DA102C82BBC34850094C31D /* FeedView.swift in Sources */ = {isa = PBXBuildFile; fileRef = 3DA102C72BBC34850094C31D /* FeedView.swift */; };
		3DA102CC2BBC34C80094C31D /* ExploreView.swift in Sources */ = {isa = PBXBuildFile; fileRef = 3DA102CB2BBC34C80094C31D /* ExploreView.swift */; };
		3DA102D02BBC37D90094C31D /* CreateThreadView.swift in Sources */ = {isa = PBXBuildFile; fileRef = 3DA102CF2BBC37D90094C31D /* CreateThreadView.swift */; };
		3DA102D42BBC38050094C31D /* ActivityView.swift in Sources */ = {isa = PBXBuildFile; fileRef = 3DA102D32BBC38050094C31D /* ActivityView.swift */; };
		3DA102D82BBC381B0094C31D /* ProfileView.swift in Sources */ = {isa = PBXBuildFile; fileRef = 3DA102D72BBC381B0094C31D /* ProfileView.swift */; };
		3DA941A32BCDEF77003F4AC7 /* ContentViewModel.swift in Sources */ = {isa = PBXBuildFile; fileRef = 3DA941A22BCDEF77003F4AC7 /* ContentViewModel.swift */; };
		3DA941A52BCDF494003F4AC7 /* LoginViewModel.swift in Sources */ = {isa = PBXBuildFile; fileRef = 3DA941A42BCDF494003F4AC7 /* LoginViewModel.swift */; };
		3DDBAD312BC60440008567F0 /* EditProfileView.swift in Sources */ = {isa = PBXBuildFile; fileRef = 3DDBAD302BC60440008567F0 /* EditProfileView.swift */; };
		3DE759FB2B98CC7100199CE0 /* ThreadsSwiftUIApp.swift in Sources */ = {isa = PBXBuildFile; fileRef = 3DE759FA2B98CC7100199CE0 /* ThreadsSwiftUIApp.swift */; };
		3DE759FD2B98CC7100199CE0 /* ContentView.swift in Sources */ = {isa = PBXBuildFile; fileRef = 3DE759FC2B98CC7100199CE0 /* ContentView.swift */; };
		3DE759FF2B98CC7400199CE0 /* Assets.xcassets in Resources */ = {isa = PBXBuildFile; fileRef = 3DE759FE2B98CC7400199CE0 /* Assets.xcassets */; };
		3DE75A022B98CC7400199CE0 /* Preview Assets.xcassets in Resources */ = {isa = PBXBuildFile; fileRef = 3DE75A012B98CC7400199CE0 /* Preview Assets.xcassets */; };
		3DE75A142B98CD3100199CE0 /* LoginView.swift in Sources */ = {isa = PBXBuildFile; fileRef = 3DE75A132B98CD3100199CE0 /* LoginView.swift */; };
/* End PBXBuildFile section */

/* Begin PBXFileReference section */
		3D130AB42BC73C8100377F9D /* GoogleService-Info.plist */ = {isa = PBXFileReference; fileEncoding = 4; lastKnownFileType = text.plist.xml; path = "GoogleService-Info.plist"; sourceTree = "<group>"; };
		3D130AEE2BC7406600377F9D /* RegistrationViewModel.swift */ = {isa = PBXFileReference; lastKnownFileType = sourcecode.swift; path = RegistrationViewModel.swift; sourceTree = "<group>"; };
		3D130AF12BC7416200377F9D /* AuthService.swift */ = {isa = PBXFileReference; lastKnownFileType = sourcecode.swift; path = AuthService.swift; sourceTree = "<group>"; };
		3D7C718B2BC2F75D0065968F /* ProfileThreadFilter.swift */ = {isa = PBXFileReference; lastKnownFileType = sourcecode.swift; path = ProfileThreadFilter.swift; sourceTree = "<group>"; };
		3D9F51192BBCD3E200D4AC55 /* ThreadView.swift */ = {isa = PBXFileReference; lastKnownFileType = sourcecode.swift; path = ThreadView.swift; sourceTree = "<group>"; };
		3D9F511C2BBCECFE00D4AC55 /* CircularProfileImageView.swift */ = {isa = PBXFileReference; lastKnownFileType = sourcecode.swift; path = CircularProfileImageView.swift; sourceTree = "<group>"; };
		3D9F511E2BBCED9A00D4AC55 /* UserCell.swift */ = {isa = PBXFileReference; lastKnownFileType = sourcecode.swift; path = UserCell.swift; sourceTree = "<group>"; };
		3DA102BD2BBB5CBD0094C31D /* RegistrationView.swift */ = {isa = PBXFileReference; lastKnownFileType = sourcecode.swift; path = RegistrationView.swift; sourceTree = "<group>"; };
		3DA102C02BBB5F7B0094C31D /* ThreadsTextFieldModifier.swift */ = {isa = PBXFileReference; lastKnownFileType = sourcecode.swift; path = ThreadsTextFieldModifier.swift; sourceTree = "<group>"; };
		3DA102C32BBC30750094C31D /* ThreadsTabView.swift */ = {isa = PBXFileReference; lastKnownFileType = sourcecode.swift; path = ThreadsTabView.swift; sourceTree = "<group>"; };
		3DA102C72BBC34850094C31D /* FeedView.swift */ = {isa = PBXFileReference; lastKnownFileType = sourcecode.swift; path = FeedView.swift; sourceTree = "<group>"; };
		3DA102CB2BBC34C80094C31D /* ExploreView.swift */ = {isa = PBXFileReference; lastKnownFileType = sourcecode.swift; path = ExploreView.swift; sourceTree = "<group>"; };
		3DA102CF2BBC37D90094C31D /* CreateThreadView.swift */ = {isa = PBXFileReference; lastKnownFileType = sourcecode.swift; path = CreateThreadView.swift; sourceTree = "<group>"; };
		3DA102D32BBC38050094C31D /* ActivityView.swift */ = {isa = PBXFileReference; lastKnownFileType = sourcecode.swift; path = ActivityView.swift; sourceTree = "<group>"; };
		3DA102D72BBC381B0094C31D /* ProfileView.swift */ = {isa = PBXFileReference; lastKnownFileType = sourcecode.swift; path = ProfileView.swift; sourceTree = "<group>"; };
		3DA941A22BCDEF77003F4AC7 /* ContentViewModel.swift */ = {isa = PBXFileReference; lastKnownFileType = sourcecode.swift; path = ContentViewModel.swift; sourceTree = "<group>"; };
		3DA941A42BCDF494003F4AC7 /* LoginViewModel.swift */ = {isa = PBXFileReference; lastKnownFileType = sourcecode.swift; path = LoginViewModel.swift; sourceTree = "<group>"; };
		3DDBAD302BC60440008567F0 /* EditProfileView.swift */ = {isa = PBXFileReference; lastKnownFileType = sourcecode.swift; path = EditProfileView.swift; sourceTree = "<group>"; };
		3DE759F72B98CC7100199CE0 /* ThreadsSwiftUI.app */ = {isa = PBXFileReference; explicitFileType = wrapper.application; includeInIndex = 0; path = ThreadsSwiftUI.app; sourceTree = BUILT_PRODUCTS_DIR; };
		3DE759FA2B98CC7100199CE0 /* ThreadsSwiftUIApp.swift */ = {isa = PBXFileReference; lastKnownFileType = sourcecode.swift; path = ThreadsSwiftUIApp.swift; sourceTree = "<group>"; };
		3DE759FC2B98CC7100199CE0 /* ContentView.swift */ = {isa = PBXFileReference; lastKnownFileType = sourcecode.swift; path = ContentView.swift; sourceTree = "<group>"; };
		3DE759FE2B98CC7400199CE0 /* Assets.xcassets */ = {isa = PBXFileReference; lastKnownFileType = folder.assetcatalog; path = Assets.xcassets; sourceTree = "<group>"; };
		3DE75A012B98CC7400199CE0 /* Preview Assets.xcassets */ = {isa = PBXFileReference; lastKnownFileType = folder.assetcatalog; path = "Preview Assets.xcassets"; sourceTree = "<group>"; };
		3DE75A132B98CD3100199CE0 /* LoginView.swift */ = {isa = PBXFileReference; lastKnownFileType = sourcecode.swift; path = LoginView.swift; sourceTree = "<group>"; };
/* End PBXFileReference section */

/* Begin PBXFrameworksBuildPhase section */
		3DE759F42B98CC7100199CE0 /* Frameworks */ = {
			isa = PBXFrameworksBuildPhase;
			buildActionMask = 2147483647;
			files = (
				3D130ACA2BC73E3400377F9D /* FirebaseDatabase in Frameworks */,
				3D130AD82BC73E3400377F9D /* FirebaseFunctionsCombine-Community in Frameworks */,
				3D130AD02BC73E3400377F9D /* FirebaseFirestore in Frameworks */,
				3D130ABC2BC73E3400377F9D /* FirebaseAnalyticsSwift in Frameworks */,
				3D130AB82BC73E3400377F9D /* FirebaseAnalytics in Frameworks */,
				3D130ABA2BC73E3400377F9D /* FirebaseAnalyticsOnDeviceConversion in Frameworks */,
				3D130AE02BC73E3400377F9D /* FirebaseMLModelDownloader in Frameworks */,
				3D130AD42BC73E3400377F9D /* FirebaseFirestoreSwift in Frameworks */,
				3D130AC02BC73E3400377F9D /* FirebaseAppCheck in Frameworks */,
				3D130ABE2BC73E3400377F9D /* FirebaseAnalyticsWithoutAdIdSupport in Frameworks */,
				3D130AC42BC73E3400377F9D /* FirebaseAuth in Frameworks */,
				3D130AC82BC73E3400377F9D /* FirebaseCrashlytics in Frameworks */,
				3D130AE82BC73E3400377F9D /* FirebaseRemoteConfigSwift in Frameworks */,
				3D130ADA2BC73E3400377F9D /* FirebaseInAppMessaging-Beta in Frameworks */,
				3D130ACC2BC73E3400377F9D /* FirebaseDatabaseSwift in Frameworks */,
				3D130AD62BC73E3400377F9D /* FirebaseFunctions in Frameworks */,
				3D130AEC2BC73E3400377F9D /* FirebaseStorageCombine-Community in Frameworks */,
				3D130AE62BC73E3400377F9D /* FirebaseRemoteConfig in Frameworks */,
				3D130AC22BC73E3400377F9D /* FirebaseAppDistribution-Beta in Frameworks */,
				3D130AC62BC73E3400377F9D /* FirebaseAuthCombine-Community in Frameworks */,
				3D130AE42BC73E3400377F9D /* FirebasePerformance in Frameworks */,
				3D130ADC2BC73E3400377F9D /* FirebaseInAppMessagingSwift-Beta in Frameworks */,
				3D130AEA2BC73E3400377F9D /* FirebaseStorage in Frameworks */,
				3D130ACE2BC73E3400377F9D /* FirebaseDynamicLinks in Frameworks */,
				3D130AD22BC73E3400377F9D /* FirebaseFirestoreCombine-Community in Frameworks */,
				3D130AE22BC73E3400377F9D /* FirebaseMessaging in Frameworks */,
				3D130ADE2BC73E3400377F9D /* FirebaseInstallations in Frameworks */,
			);
			runOnlyForDeploymentPostprocessing = 0;
		};
/* End PBXFrameworksBuildPhase section */

/* Begin PBXGroup section */
		3D130AED2BC7404800377F9D /* ViewModel */ = {
			isa = PBXGroup;
			children = (
				3D130AEE2BC7406600377F9D /* RegistrationViewModel.swift */,
				3DA941A42BCDF494003F4AC7 /* LoginViewModel.swift */,
			);
			path = ViewModel;
			sourceTree = "<group>";
		};
		3D130AF02BC7415300377F9D /* Service */ = {
			isa = PBXGroup;
			children = (
				3D130AF12BC7416200377F9D /* AuthService.swift */,
			);
			path = Service;
			sourceTree = "<group>";
		};
		3D7C718A2BC2F7480065968F /* Model */ = {
			isa = PBXGroup;
			children = (
				3D7C718B2BC2F75D0065968F /* ProfileThreadFilter.swift */,
			);
			path = Model;
			sourceTree = "<group>";
		};
		3D9F511B2BBCECEB00D4AC55 /* Components */ = {
			isa = PBXGroup;
			children = (
				3D9F511C2BBCECFE00D4AC55 /* CircularProfileImageView.swift */,
				3D9F511E2BBCED9A00D4AC55 /* UserCell.swift */,
			);
			path = Components;
			sourceTree = "<group>";
		};
		3DA102BF2BBB5F670094C31D /* Modifiers */ = {
			isa = PBXGroup;
			children = (
				3DA102C02BBB5F7B0094C31D /* ThreadsTextFieldModifier.swift */,
			);
			path = Modifiers;
			sourceTree = "<group>";
		};
		3DA102C22BBB61CB0094C31D /* TabBar */ = {
			isa = PBXGroup;
			children = (
				3DA102C32BBC30750094C31D /* ThreadsTabView.swift */,
			);
			path = TabBar;
			sourceTree = "<group>";
		};
		3DA102C52BBC34770094C31D /* Feed */ = {
			isa = PBXGroup;
			children = (
				3DA102C62BBC347B0094C31D /* Views */,
			);
			path = Feed;
			sourceTree = "<group>";
		};
		3DA102C62BBC347B0094C31D /* Views */ = {
			isa = PBXGroup;
			children = (
				3DA102C72BBC34850094C31D /* FeedView.swift */,
				3D9F51192BBCD3E200D4AC55 /* ThreadView.swift */,
			);
			path = Views;
			sourceTree = "<group>";
		};
		3DA102C92BBC34AF0094C31D /* Explore */ = {
			isa = PBXGroup;
			children = (
				3DA102CA2BBC34B30094C31D /* Views */,
			);
			path = Explore;
			sourceTree = "<group>";
		};
		3DA102CA2BBC34B30094C31D /* Views */ = {
			isa = PBXGroup;
			children = (
				3DA102CB2BBC34C80094C31D /* ExploreView.swift */,
			);
			path = Views;
			sourceTree = "<group>";
		};
		3DA102CD2BBC37BA0094C31D /* ThreadsCreation */ = {
			isa = PBXGroup;
			children = (
				3DA102CE2BBC37C60094C31D /* Views */,
			);
			path = ThreadsCreation;
			sourceTree = "<group>";
		};
		3DA102CE2BBC37C60094C31D /* Views */ = {
			isa = PBXGroup;
			children = (
				3DA102CF2BBC37D90094C31D /* CreateThreadView.swift */,
			);
			path = Views;
			sourceTree = "<group>";
		};
		3DA102D12BBC37F30094C31D /* Activity */ = {
			isa = PBXGroup;
			children = (
				3DA102D22BBC37F70094C31D /* Views */,
			);
			path = Activity;
			sourceTree = "<group>";
		};
		3DA102D22BBC37F70094C31D /* Views */ = {
			isa = PBXGroup;
			children = (
				3DA102D32BBC38050094C31D /* ActivityView.swift */,
			);
			path = Views;
			sourceTree = "<group>";
		};
		3DA102D52BBC380E0094C31D /* Profile */ = {
			isa = PBXGroup;
			children = (
				3DDBAD2E2BC60413008567F0 /* EditProfile */,
				3D7C718A2BC2F7480065968F /* Model */,
				3DA102D62BBC38110094C31D /* Views */,
			);
			path = Profile;
			sourceTree = "<group>";
		};
		3DA102D62BBC38110094C31D /* Views */ = {
			isa = PBXGroup;
			children = (
				3DA102D72BBC381B0094C31D /* ProfileView.swift */,
			);
			path = Views;
			sourceTree = "<group>";
		};
		3DA941A02BCDEF59003F4AC7 /* View */ = {
			isa = PBXGroup;
			children = (
				3DE759FC2B98CC7100199CE0 /* ContentView.swift */,
			);
			path = View;
			sourceTree = "<group>";
		};
		3DA941A12BCDEF5C003F4AC7 /* ViewModel */ = {
			isa = PBXGroup;
			children = (
				3DA941A22BCDEF77003F4AC7 /* ContentViewModel.swift */,
			);
			path = ViewModel;
			sourceTree = "<group>";
		};
		3DDBAD2E2BC60413008567F0 /* EditProfile */ = {
			isa = PBXGroup;
			children = (
				3DDBAD2F2BC60422008567F0 /* Views */,
			);
			path = EditProfile;
			sourceTree = "<group>";
		};
		3DDBAD2F2BC60422008567F0 /* Views */ = {
			isa = PBXGroup;
			children = (
				3DDBAD302BC60440008567F0 /* EditProfileView.swift */,
			);
			path = Views;
			sourceTree = "<group>";
		};
		3DE759EE2B98CC7100199CE0 = {
			isa = PBXGroup;
			children = (
				3DE759F92B98CC7100199CE0 /* ThreadsSwiftUI */,
				3DE759F82B98CC7100199CE0 /* Products */,
			);
			sourceTree = "<group>";
		};
		3DE759F82B98CC7100199CE0 /* Products */ = {
			isa = PBXGroup;
			children = (
				3DE759F72B98CC7100199CE0 /* ThreadsSwiftUI.app */,
			);
			name = Products;
			sourceTree = "<group>";
		};
		3DE759F92B98CC7100199CE0 /* ThreadsSwiftUI */ = {
			isa = PBXGroup;
			children = (
				3DE75A0F2B98CCB000199CE0 /* App */,
				3DE75A0E2B98CCAF00199CE0 /* Core */,
				3DE75A0D2B98CCAE00199CE0 /* Extensions */,
				3DE75A0C2B98CCAD00199CE0 /* Model */,
				3DE75A0B2B98CCAB00199CE0 /* Services */,
				3DE75A082B98CC9B00199CE0 /* Utils */,
				3DE759FE2B98CC7400199CE0 /* Assets.xcassets */,
				3DE75A002B98CC7400199CE0 /* Preview Content */,
			);
			path = ThreadsSwiftUI;
			sourceTree = "<group>";
		};
		3DE75A002B98CC7400199CE0 /* Preview Content */ = {
			isa = PBXGroup;
			children = (
				3DE75A012B98CC7400199CE0 /* Preview Assets.xcassets */,
			);
			path = "Preview Content";
			sourceTree = "<group>";
		};
		3DE75A082B98CC9B00199CE0 /* Utils */ = {
			isa = PBXGroup;
			children = (
				3D130AB42BC73C8100377F9D /* GoogleService-Info.plist */,
				3DA102BF2BBB5F670094C31D /* Modifiers */,
			);
			path = Utils;
			sourceTree = "<group>";
		};
		3DE75A0B2B98CCAB00199CE0 /* Services */ = {
			isa = PBXGroup;
			children = (
			);
			path = Services;
			sourceTree = "<group>";
		};
		3DE75A0C2B98CCAD00199CE0 /* Model */ = {
			isa = PBXGroup;
			children = (
			);
			path = Model;
			sourceTree = "<group>";
		};
		3DE75A0D2B98CCAE00199CE0 /* Extensions */ = {
			isa = PBXGroup;
			children = (
			);
			path = Extensions;
			sourceTree = "<group>";
		};
		3DE75A0E2B98CCAF00199CE0 /* Core */ = {
			isa = PBXGroup;
			children = (
				3D9F511B2BBCECEB00D4AC55 /* Components */,
				3DA102D12BBC37F30094C31D /* Activity */,
				3DE75A112B98CCE600199CE0 /* Authentication */,
				3DA102C92BBC34AF0094C31D /* Explore */,
				3DA102C52BBC34770094C31D /* Feed */,
				3DA102D52BBC380E0094C31D /* Profile */,
				3DE75A102B98CCE400199CE0 /* Root */,
				3DA102C22BBB61CB0094C31D /* TabBar */,
				3DA102CD2BBC37BA0094C31D /* ThreadsCreation */,
			);
			path = Core;
			sourceTree = "<group>";
		};
		3DE75A0F2B98CCB000199CE0 /* App */ = {
			isa = PBXGroup;
			children = (
				3DE759FA2B98CC7100199CE0 /* ThreadsSwiftUIApp.swift */,
			);
			path = App;
			sourceTree = "<group>";
		};
		3DE75A102B98CCE400199CE0 /* Root */ = {
			isa = PBXGroup;
			children = (
				3DA941A12BCDEF5C003F4AC7 /* ViewModel */,
				3DA941A02BCDEF59003F4AC7 /* View */,
			);
			path = Root;
			sourceTree = "<group>";
		};
		3DE75A112B98CCE600199CE0 /* Authentication */ = {
			isa = PBXGroup;
			children = (
				3D130AF02BC7415300377F9D /* Service */,
				3D130AED2BC7404800377F9D /* ViewModel */,
				3DE75A122B98CD0400199CE0 /* Views */,
			);
			path = Authentication;
			sourceTree = "<group>";
		};
		3DE75A122B98CD0400199CE0 /* Views */ = {
			isa = PBXGroup;
			children = (
				3DE75A132B98CD3100199CE0 /* LoginView.swift */,
				3DA102BD2BBB5CBD0094C31D /* RegistrationView.swift */,
			);
			path = Views;
			sourceTree = "<group>";
		};
/* End PBXGroup section */

/* Begin PBXNativeTarget section */
		3DE759F62B98CC7100199CE0 /* ThreadsSwiftUI */ = {
			isa = PBXNativeTarget;
			buildConfigurationList = 3DE75A052B98CC7400199CE0 /* Build configuration list for PBXNativeTarget "ThreadsSwiftUI" */;
			buildPhases = (
				3DE759F32B98CC7100199CE0 /* Sources */,
				3DE759F42B98CC7100199CE0 /* Frameworks */,
				3DE759F52B98CC7100199CE0 /* Resources */,
			);
			buildRules = (
			);
			dependencies = (
			);
			name = ThreadsSwiftUI;
			packageProductDependencies = (
				3D130AB72BC73E3400377F9D /* FirebaseAnalytics */,
				3D130AB92BC73E3400377F9D /* FirebaseAnalyticsOnDeviceConversion */,
				3D130ABB2BC73E3400377F9D /* FirebaseAnalyticsSwift */,
				3D130ABD2BC73E3400377F9D /* FirebaseAnalyticsWithoutAdIdSupport */,
				3D130ABF2BC73E3400377F9D /* FirebaseAppCheck */,
				3D130AC12BC73E3400377F9D /* FirebaseAppDistribution-Beta */,
				3D130AC32BC73E3400377F9D /* FirebaseAuth */,
				3D130AC52BC73E3400377F9D /* FirebaseAuthCombine-Community */,
				3D130AC72BC73E3400377F9D /* FirebaseCrashlytics */,
				3D130AC92BC73E3400377F9D /* FirebaseDatabase */,
				3D130ACB2BC73E3400377F9D /* FirebaseDatabaseSwift */,
				3D130ACD2BC73E3400377F9D /* FirebaseDynamicLinks */,
				3D130ACF2BC73E3400377F9D /* FirebaseFirestore */,
				3D130AD12BC73E3400377F9D /* FirebaseFirestoreCombine-Community */,
				3D130AD32BC73E3400377F9D /* FirebaseFirestoreSwift */,
				3D130AD52BC73E3400377F9D /* FirebaseFunctions */,
				3D130AD72BC73E3400377F9D /* FirebaseFunctionsCombine-Community */,
				3D130AD92BC73E3400377F9D /* FirebaseInAppMessaging-Beta */,
				3D130ADB2BC73E3400377F9D /* FirebaseInAppMessagingSwift-Beta */,
				3D130ADD2BC73E3400377F9D /* FirebaseInstallations */,
				3D130ADF2BC73E3400377F9D /* FirebaseMLModelDownloader */,
				3D130AE12BC73E3400377F9D /* FirebaseMessaging */,
				3D130AE32BC73E3400377F9D /* FirebasePerformance */,
				3D130AE52BC73E3400377F9D /* FirebaseRemoteConfig */,
				3D130AE72BC73E3400377F9D /* FirebaseRemoteConfigSwift */,
				3D130AE92BC73E3400377F9D /* FirebaseStorage */,
				3D130AEB2BC73E3400377F9D /* FirebaseStorageCombine-Community */,
			);
			productName = ThreadsSwiftUI;
			productReference = 3DE759F72B98CC7100199CE0 /* ThreadsSwiftUI.app */;
			productType = "com.apple.product-type.application";
		};
/* End PBXNativeTarget section */

/* Begin PBXProject section */
		3DE759EF2B98CC7100199CE0 /* Project object */ = {
			isa = PBXProject;
			attributes = {
				BuildIndependentTargetsInParallel = 1;
				LastSwiftUpdateCheck = 1520;
				LastUpgradeCheck = 1520;
				TargetAttributes = {
					3DE759F62B98CC7100199CE0 = {
						CreatedOnToolsVersion = 15.2;
					};
				};
			};
			buildConfigurationList = 3DE759F22B98CC7100199CE0 /* Build configuration list for PBXProject "ThreadsSwiftUI" */;
			compatibilityVersion = "Xcode 14.0";
			developmentRegion = en;
			hasScannedForEncodings = 0;
			knownRegions = (
				en,
				Base,
			);
			mainGroup = 3DE759EE2B98CC7100199CE0;
			packageReferences = (
				3D130AB62BC73E3400377F9D /* XCRemoteSwiftPackageReference "firebase-ios-sdk" */,
			);
			productRefGroup = 3DE759F82B98CC7100199CE0 /* Products */;
			projectDirPath = "";
			projectRoot = "";
			targets = (
				3DE759F62B98CC7100199CE0 /* ThreadsSwiftUI */,
			);
		};
/* End PBXProject section */

/* Begin PBXResourcesBuildPhase section */
		3DE759F52B98CC7100199CE0 /* Resources */ = {
			isa = PBXResourcesBuildPhase;
			buildActionMask = 2147483647;
			files = (
				3DE75A022B98CC7400199CE0 /* Preview Assets.xcassets in Resources */,
				3DE759FF2B98CC7400199CE0 /* Assets.xcassets in Resources */,
				3D130AB52BC73C8100377F9D /* GoogleService-Info.plist in Resources */,
			);
			runOnlyForDeploymentPostprocessing = 0;
		};
/* End PBXResourcesBuildPhase section */

/* Begin PBXSourcesBuildPhase section */
		3DE759F32B98CC7100199CE0 /* Sources */ = {
			isa = PBXSourcesBuildPhase;
			buildActionMask = 2147483647;
			files = (
				3DA102C82BBC34850094C31D /* FeedView.swift in Sources */,
				3D130AEF2BC7406600377F9D /* RegistrationViewModel.swift in Sources */,
				3DE75A142B98CD3100199CE0 /* LoginView.swift in Sources */,
				3D130AF22BC7416200377F9D /* AuthService.swift in Sources */,
				3DDBAD312BC60440008567F0 /* EditProfileView.swift in Sources */,
				3DE759FD2B98CC7100199CE0 /* ContentView.swift in Sources */,
				3DA102D42BBC38050094C31D /* ActivityView.swift in Sources */,
				3DA102D02BBC37D90094C31D /* CreateThreadView.swift in Sources */,
				3DA941A52BCDF494003F4AC7 /* LoginViewModel.swift in Sources */,
				3D9F511D2BBCECFE00D4AC55 /* CircularProfileImageView.swift in Sources */,
				3D9F511F2BBCED9A00D4AC55 /* UserCell.swift in Sources */,
				3DA102C42BBC30750094C31D /* ThreadsTabView.swift in Sources */,
				3D7C718C2BC2F75D0065968F /* ProfileThreadFilter.swift in Sources */,
				3DA941A32BCDEF77003F4AC7 /* ContentViewModel.swift in Sources */,
				3D9F511A2BBCD3E200D4AC55 /* ThreadView.swift in Sources */,
				3DA102C12BBB5F7B0094C31D /* ThreadsTextFieldModifier.swift in Sources */,
				3DE759FB2B98CC7100199CE0 /* ThreadsSwiftUIApp.swift in Sources */,
				3DA102CC2BBC34C80094C31D /* ExploreView.swift in Sources */,
				3DA102D82BBC381B0094C31D /* ProfileView.swift in Sources */,
				3DA102BE2BBB5CBD0094C31D /* RegistrationView.swift in Sources */,
			);
			runOnlyForDeploymentPostprocessing = 0;
		};
/* End PBXSourcesBuildPhase section */

/* Begin XCBuildConfiguration section */
		3DE75A032B98CC7400199CE0 /* Debug */ = {
			isa = XCBuildConfiguration;
			buildSettings = {
				ALWAYS_SEARCH_USER_PATHS = NO;
				ASSETCATALOG_COMPILER_GENERATE_SWIFT_ASSET_SYMBOL_EXTENSIONS = YES;
				CLANG_ANALYZER_NONNULL = YES;
				CLANG_ANALYZER_NUMBER_OBJECT_CONVERSION = YES_AGGRESSIVE;
				CLANG_CXX_LANGUAGE_STANDARD = "gnu++20";
				CLANG_ENABLE_MODULES = YES;
				CLANG_ENABLE_OBJC_ARC = YES;
				CLANG_ENABLE_OBJC_WEAK = YES;
				CLANG_WARN_BLOCK_CAPTURE_AUTORELEASING = YES;
				CLANG_WARN_BOOL_CONVERSION = YES;
				CLANG_WARN_COMMA = YES;
				CLANG_WARN_CONSTANT_CONVERSION = YES;
				CLANG_WARN_DEPRECATED_OBJC_IMPLEMENTATIONS = YES;
				CLANG_WARN_DIRECT_OBJC_ISA_USAGE = YES_ERROR;
				CLANG_WARN_DOCUMENTATION_COMMENTS = YES;
				CLANG_WARN_EMPTY_BODY = YES;
				CLANG_WARN_ENUM_CONVERSION = YES;
				CLANG_WARN_INFINITE_RECURSION = YES;
				CLANG_WARN_INT_CONVERSION = YES;
				CLANG_WARN_NON_LITERAL_NULL_CONVERSION = YES;
				CLANG_WARN_OBJC_IMPLICIT_RETAIN_SELF = YES;
				CLANG_WARN_OBJC_LITERAL_CONVERSION = YES;
				CLANG_WARN_OBJC_ROOT_CLASS = YES_ERROR;
				CLANG_WARN_QUOTED_INCLUDE_IN_FRAMEWORK_HEADER = YES;
				CLANG_WARN_RANGE_LOOP_ANALYSIS = YES;
				CLANG_WARN_STRICT_PROTOTYPES = YES;
				CLANG_WARN_SUSPICIOUS_MOVE = YES;
				CLANG_WARN_UNGUARDED_AVAILABILITY = YES_AGGRESSIVE;
				CLANG_WARN_UNREACHABLE_CODE = YES;
				CLANG_WARN__DUPLICATE_METHOD_MATCH = YES;
				COPY_PHASE_STRIP = NO;
				DEBUG_INFORMATION_FORMAT = dwarf;
				ENABLE_STRICT_OBJC_MSGSEND = YES;
				ENABLE_TESTABILITY = YES;
				ENABLE_USER_SCRIPT_SANDBOXING = YES;
				GCC_C_LANGUAGE_STANDARD = gnu17;
				GCC_DYNAMIC_NO_PIC = NO;
				GCC_NO_COMMON_BLOCKS = YES;
				GCC_OPTIMIZATION_LEVEL = 0;
				GCC_PREPROCESSOR_DEFINITIONS = (
					"DEBUG=1",
					"$(inherited)",
				);
				GCC_WARN_64_TO_32_BIT_CONVERSION = YES;
				GCC_WARN_ABOUT_RETURN_TYPE = YES_ERROR;
				GCC_WARN_UNDECLARED_SELECTOR = YES;
				GCC_WARN_UNINITIALIZED_AUTOS = YES_AGGRESSIVE;
				GCC_WARN_UNUSED_FUNCTION = YES;
				GCC_WARN_UNUSED_VARIABLE = YES;
				IPHONEOS_DEPLOYMENT_TARGET = 17.2;
				LOCALIZATION_PREFERS_STRING_CATALOGS = YES;
				MTL_ENABLE_DEBUG_INFO = INCLUDE_SOURCE;
				MTL_FAST_MATH = YES;
				ONLY_ACTIVE_ARCH = YES;
				SDKROOT = iphoneos;
				SWIFT_ACTIVE_COMPILATION_CONDITIONS = "DEBUG $(inherited)";
				SWIFT_OPTIMIZATION_LEVEL = "-Onone";
			};
			name = Debug;
		};
		3DE75A042B98CC7400199CE0 /* Release */ = {
			isa = XCBuildConfiguration;
			buildSettings = {
				ALWAYS_SEARCH_USER_PATHS = NO;
				ASSETCATALOG_COMPILER_GENERATE_SWIFT_ASSET_SYMBOL_EXTENSIONS = YES;
				CLANG_ANALYZER_NONNULL = YES;
				CLANG_ANALYZER_NUMBER_OBJECT_CONVERSION = YES_AGGRESSIVE;
				CLANG_CXX_LANGUAGE_STANDARD = "gnu++20";
				CLANG_ENABLE_MODULES = YES;
				CLANG_ENABLE_OBJC_ARC = YES;
				CLANG_ENABLE_OBJC_WEAK = YES;
				CLANG_WARN_BLOCK_CAPTURE_AUTORELEASING = YES;
				CLANG_WARN_BOOL_CONVERSION = YES;
				CLANG_WARN_COMMA = YES;
				CLANG_WARN_CONSTANT_CONVERSION = YES;
				CLANG_WARN_DEPRECATED_OBJC_IMPLEMENTATIONS = YES;
				CLANG_WARN_DIRECT_OBJC_ISA_USAGE = YES_ERROR;
				CLANG_WARN_DOCUMENTATION_COMMENTS = YES;
				CLANG_WARN_EMPTY_BODY = YES;
				CLANG_WARN_ENUM_CONVERSION = YES;
				CLANG_WARN_INFINITE_RECURSION = YES;
				CLANG_WARN_INT_CONVERSION = YES;
				CLANG_WARN_NON_LITERAL_NULL_CONVERSION = YES;
				CLANG_WARN_OBJC_IMPLICIT_RETAIN_SELF = YES;
				CLANG_WARN_OBJC_LITERAL_CONVERSION = YES;
				CLANG_WARN_OBJC_ROOT_CLASS = YES_ERROR;
				CLANG_WARN_QUOTED_INCLUDE_IN_FRAMEWORK_HEADER = YES;
				CLANG_WARN_RANGE_LOOP_ANALYSIS = YES;
				CLANG_WARN_STRICT_PROTOTYPES = YES;
				CLANG_WARN_SUSPICIOUS_MOVE = YES;
				CLANG_WARN_UNGUARDED_AVAILABILITY = YES_AGGRESSIVE;
				CLANG_WARN_UNREACHABLE_CODE = YES;
				CLANG_WARN__DUPLICATE_METHOD_MATCH = YES;
				COPY_PHASE_STRIP = NO;
				DEBUG_INFORMATION_FORMAT = "dwarf-with-dsym";
				ENABLE_NS_ASSERTIONS = NO;
				ENABLE_STRICT_OBJC_MSGSEND = YES;
				ENABLE_USER_SCRIPT_SANDBOXING = YES;
				GCC_C_LANGUAGE_STANDARD = gnu17;
				GCC_NO_COMMON_BLOCKS = YES;
				GCC_WARN_64_TO_32_BIT_CONVERSION = YES;
				GCC_WARN_ABOUT_RETURN_TYPE = YES_ERROR;
				GCC_WARN_UNDECLARED_SELECTOR = YES;
				GCC_WARN_UNINITIALIZED_AUTOS = YES_AGGRESSIVE;
				GCC_WARN_UNUSED_FUNCTION = YES;
				GCC_WARN_UNUSED_VARIABLE = YES;
				IPHONEOS_DEPLOYMENT_TARGET = 17.2;
				LOCALIZATION_PREFERS_STRING_CATALOGS = YES;
				MTL_ENABLE_DEBUG_INFO = NO;
				MTL_FAST_MATH = YES;
				SDKROOT = iphoneos;
				SWIFT_COMPILATION_MODE = wholemodule;
				VALIDATE_PRODUCT = YES;
			};
			name = Release;
		};
		3DE75A062B98CC7400199CE0 /* Debug */ = {
			isa = XCBuildConfiguration;
			buildSettings = {
				ASSETCATALOG_COMPILER_APPICON_NAME = AppIcon;
				ASSETCATALOG_COMPILER_GLOBAL_ACCENT_COLOR_NAME = AccentColor;
				CODE_SIGN_STYLE = Automatic;
				CURRENT_PROJECT_VERSION = 1;
				DEVELOPMENT_ASSET_PATHS = "\"ThreadsSwiftUI/Preview Content\"";
				ENABLE_PREVIEWS = YES;
				GENERATE_INFOPLIST_FILE = YES;
				INFOPLIST_KEY_UIApplicationSceneManifest_Generation = YES;
				INFOPLIST_KEY_UIApplicationSupportsIndirectInputEvents = YES;
				INFOPLIST_KEY_UILaunchScreen_Generation = YES;
				INFOPLIST_KEY_UISupportedInterfaceOrientations_iPad = "UIInterfaceOrientationPortrait UIInterfaceOrientationPortraitUpsideDown UIInterfaceOrientationLandscapeLeft UIInterfaceOrientationLandscapeRight";
				INFOPLIST_KEY_UISupportedInterfaceOrientations_iPhone = "UIInterfaceOrientationPortrait UIInterfaceOrientationLandscapeLeft UIInterfaceOrientationLandscapeRight";
				LD_RUNPATH_SEARCH_PATHS = (
					"$(inherited)",
					"@executable_path/Frameworks",
				);
				MARKETING_VERSION = 1.0;
				PRODUCT_BUNDLE_IDENTIFIER = com.juancho.ThreadsSwiftUI;
				PRODUCT_NAME = "$(TARGET_NAME)";
				SWIFT_EMIT_LOC_STRINGS = YES;
				SWIFT_VERSION = 5.0;
				TARGETED_DEVICE_FAMILY = "1,2";
			};
			name = Debug;
		};
		3DE75A072B98CC7400199CE0 /* Release */ = {
			isa = XCBuildConfiguration;
			buildSettings = {
				ASSETCATALOG_COMPILER_APPICON_NAME = AppIcon;
				ASSETCATALOG_COMPILER_GLOBAL_ACCENT_COLOR_NAME = AccentColor;
				CODE_SIGN_STYLE = Automatic;
				CURRENT_PROJECT_VERSION = 1;
				DEVELOPMENT_ASSET_PATHS = "\"ThreadsSwiftUI/Preview Content\"";
				ENABLE_PREVIEWS = YES;
				GENERATE_INFOPLIST_FILE = YES;
				INFOPLIST_KEY_UIApplicationSceneManifest_Generation = YES;
				INFOPLIST_KEY_UIApplicationSupportsIndirectInputEvents = YES;
				INFOPLIST_KEY_UILaunchScreen_Generation = YES;
				INFOPLIST_KEY_UISupportedInterfaceOrientations_iPad = "UIInterfaceOrientationPortrait UIInterfaceOrientationPortraitUpsideDown UIInterfaceOrientationLandscapeLeft UIInterfaceOrientationLandscapeRight";
				INFOPLIST_KEY_UISupportedInterfaceOrientations_iPhone = "UIInterfaceOrientationPortrait UIInterfaceOrientationLandscapeLeft UIInterfaceOrientationLandscapeRight";
				LD_RUNPATH_SEARCH_PATHS = (
					"$(inherited)",
					"@executable_path/Frameworks",
				);
				MARKETING_VERSION = 1.0;
				PRODUCT_BUNDLE_IDENTIFIER = com.juancho.ThreadsSwiftUI;
				PRODUCT_NAME = "$(TARGET_NAME)";
				SWIFT_EMIT_LOC_STRINGS = YES;
				SWIFT_VERSION = 5.0;
				TARGETED_DEVICE_FAMILY = "1,2";
			};
			name = Release;
		};
/* End XCBuildConfiguration section */

/* Begin XCConfigurationList section */
		3DE759F22B98CC7100199CE0 /* Build configuration list for PBXProject "ThreadsSwiftUI" */ = {
			isa = XCConfigurationList;
			buildConfigurations = (
				3DE75A032B98CC7400199CE0 /* Debug */,
				3DE75A042B98CC7400199CE0 /* Release */,
			);
			defaultConfigurationIsVisible = 0;
			defaultConfigurationName = Release;
		};
		3DE75A052B98CC7400199CE0 /* Build configuration list for PBXNativeTarget "ThreadsSwiftUI" */ = {
			isa = XCConfigurationList;
			buildConfigurations = (
				3DE75A062B98CC7400199CE0 /* Debug */,
				3DE75A072B98CC7400199CE0 /* Release */,
			);
			defaultConfigurationIsVisible = 0;
			defaultConfigurationName = Release;
		};
/* End XCConfigurationList section */

/* Begin XCRemoteSwiftPackageReference section */
		3D130AB62BC73E3400377F9D /* XCRemoteSwiftPackageReference "firebase-ios-sdk" */ = {
			isa = XCRemoteSwiftPackageReference;
			repositoryURL = "https://github.com/firebase/firebase-ios-sdk";
			requirement = {
				kind = upToNextMajorVersion;
				minimumVersion = 10.24.0;
			};
		};
/* End XCRemoteSwiftPackageReference section */

/* Begin XCSwiftPackageProductDependency section */
		3D130AB72BC73E3400377F9D /* FirebaseAnalytics */ = {
			isa = XCSwiftPackageProductDependency;
			package = 3D130AB62BC73E3400377F9D /* XCRemoteSwiftPackageReference "firebase-ios-sdk" */;
			productName = FirebaseAnalytics;
		};
		3D130AB92BC73E3400377F9D /* FirebaseAnalyticsOnDeviceConversion */ = {
			isa = XCSwiftPackageProductDependency;
			package = 3D130AB62BC73E3400377F9D /* XCRemoteSwiftPackageReference "firebase-ios-sdk" */;
			productName = FirebaseAnalyticsOnDeviceConversion;
		};
		3D130ABB2BC73E3400377F9D /* FirebaseAnalyticsSwift */ = {
			isa = XCSwiftPackageProductDependency;
			package = 3D130AB62BC73E3400377F9D /* XCRemoteSwiftPackageReference "firebase-ios-sdk" */;
			productName = FirebaseAnalyticsSwift;
		};
		3D130ABD2BC73E3400377F9D /* FirebaseAnalyticsWithoutAdIdSupport */ = {
			isa = XCSwiftPackageProductDependency;
			package = 3D130AB62BC73E3400377F9D /* XCRemoteSwiftPackageReference "firebase-ios-sdk" */;
			productName = FirebaseAnalyticsWithoutAdIdSupport;
		};
		3D130ABF2BC73E3400377F9D /* FirebaseAppCheck */ = {
			isa = XCSwiftPackageProductDependency;
			package = 3D130AB62BC73E3400377F9D /* XCRemoteSwiftPackageReference "firebase-ios-sdk" */;
			productName = FirebaseAppCheck;
		};
		3D130AC12BC73E3400377F9D /* FirebaseAppDistribution-Beta */ = {
			isa = XCSwiftPackageProductDependency;
			package = 3D130AB62BC73E3400377F9D /* XCRemoteSwiftPackageReference "firebase-ios-sdk" */;
			productName = "FirebaseAppDistribution-Beta";
		};
		3D130AC32BC73E3400377F9D /* FirebaseAuth */ = {
			isa = XCSwiftPackageProductDependency;
			package = 3D130AB62BC73E3400377F9D /* XCRemoteSwiftPackageReference "firebase-ios-sdk" */;
			productName = FirebaseAuth;
		};
		3D130AC52BC73E3400377F9D /* FirebaseAuthCombine-Community */ = {
			isa = XCSwiftPackageProductDependency;
			package = 3D130AB62BC73E3400377F9D /* XCRemoteSwiftPackageReference "firebase-ios-sdk" */;
			productName = "FirebaseAuthCombine-Community";
		};
		3D130AC72BC73E3400377F9D /* FirebaseCrashlytics */ = {
			isa = XCSwiftPackageProductDependency;
			package = 3D130AB62BC73E3400377F9D /* XCRemoteSwiftPackageReference "firebase-ios-sdk" */;
			productName = FirebaseCrashlytics;
		};
		3D130AC92BC73E3400377F9D /* FirebaseDatabase */ = {
			isa = XCSwiftPackageProductDependency;
			package = 3D130AB62BC73E3400377F9D /* XCRemoteSwiftPackageReference "firebase-ios-sdk" */;
			productName = FirebaseDatabase;
		};
		3D130ACB2BC73E3400377F9D /* FirebaseDatabaseSwift */ = {
			isa = XCSwiftPackageProductDependency;
			package = 3D130AB62BC73E3400377F9D /* XCRemoteSwiftPackageReference "firebase-ios-sdk" */;
			productName = FirebaseDatabaseSwift;
		};
		3D130ACD2BC73E3400377F9D /* FirebaseDynamicLinks */ = {
			isa = XCSwiftPackageProductDependency;
			package = 3D130AB62BC73E3400377F9D /* XCRemoteSwiftPackageReference "firebase-ios-sdk" */;
			productName = FirebaseDynamicLinks;
		};
		3D130ACF2BC73E3400377F9D /* FirebaseFirestore */ = {
			isa = XCSwiftPackageProductDependency;
			package = 3D130AB62BC73E3400377F9D /* XCRemoteSwiftPackageReference "firebase-ios-sdk" */;
			productName = FirebaseFirestore;
		};
		3D130AD12BC73E3400377F9D /* FirebaseFirestoreCombine-Community */ = {
			isa = XCSwiftPackageProductDependency;
			package = 3D130AB62BC73E3400377F9D /* XCRemoteSwiftPackageReference "firebase-ios-sdk" */;
			productName = "FirebaseFirestoreCombine-Community";
		};
		3D130AD32BC73E3400377F9D /* FirebaseFirestoreSwift */ = {
			isa = XCSwiftPackageProductDependency;
			package = 3D130AB62BC73E3400377F9D /* XCRemoteSwiftPackageReference "firebase-ios-sdk" */;
			productName = FirebaseFirestoreSwift;
		};
		3D130AD52BC73E3400377F9D /* FirebaseFunctions */ = {
			isa = XCSwiftPackageProductDependency;
			package = 3D130AB62BC73E3400377F9D /* XCRemoteSwiftPackageReference "firebase-ios-sdk" */;
			productName = FirebaseFunctions;
		};
		3D130AD72BC73E3400377F9D /* FirebaseFunctionsCombine-Community */ = {
			isa = XCSwiftPackageProductDependency;
			package = 3D130AB62BC73E3400377F9D /* XCRemoteSwiftPackageReference "firebase-ios-sdk" */;
			productName = "FirebaseFunctionsCombine-Community";
		};
		3D130AD92BC73E3400377F9D /* FirebaseInAppMessaging-Beta */ = {
			isa = XCSwiftPackageProductDependency;
			package = 3D130AB62BC73E3400377F9D /* XCRemoteSwiftPackageReference "firebase-ios-sdk" */;
			productName = "FirebaseInAppMessaging-Beta";
		};
		3D130ADB2BC73E3400377F9D /* FirebaseInAppMessagingSwift-Beta */ = {
			isa = XCSwiftPackageProductDependency;
			package = 3D130AB62BC73E3400377F9D /* XCRemoteSwiftPackageReference "firebase-ios-sdk" */;
			productName = "FirebaseInAppMessagingSwift-Beta";
		};
		3D130ADD2BC73E3400377F9D /* FirebaseInstallations */ = {
			isa = XCSwiftPackageProductDependency;
			package = 3D130AB62BC73E3400377F9D /* XCRemoteSwiftPackageReference "firebase-ios-sdk" */;
			productName = FirebaseInstallations;
		};
		3D130ADF2BC73E3400377F9D /* FirebaseMLModelDownloader */ = {
			isa = XCSwiftPackageProductDependency;
			package = 3D130AB62BC73E3400377F9D /* XCRemoteSwiftPackageReference "firebase-ios-sdk" */;
			productName = FirebaseMLModelDownloader;
		};
		3D130AE12BC73E3400377F9D /* FirebaseMessaging */ = {
			isa = XCSwiftPackageProductDependency;
			package = 3D130AB62BC73E3400377F9D /* XCRemoteSwiftPackageReference "firebase-ios-sdk" */;
			productName = FirebaseMessaging;
		};
		3D130AE32BC73E3400377F9D /* FirebasePerformance */ = {
			isa = XCSwiftPackageProductDependency;
			package = 3D130AB62BC73E3400377F9D /* XCRemoteSwiftPackageReference "firebase-ios-sdk" */;
			productName = FirebasePerformance;
		};
		3D130AE52BC73E3400377F9D /* FirebaseRemoteConfig */ = {
			isa = XCSwiftPackageProductDependency;
			package = 3D130AB62BC73E3400377F9D /* XCRemoteSwiftPackageReference "firebase-ios-sdk" */;
			productName = FirebaseRemoteConfig;
		};
		3D130AE72BC73E3400377F9D /* FirebaseRemoteConfigSwift */ = {
			isa = XCSwiftPackageProductDependency;
			package = 3D130AB62BC73E3400377F9D /* XCRemoteSwiftPackageReference "firebase-ios-sdk" */;
			productName = FirebaseRemoteConfigSwift;
		};
		3D130AE92BC73E3400377F9D /* FirebaseStorage */ = {
			isa = XCSwiftPackageProductDependency;
			package = 3D130AB62BC73E3400377F9D /* XCRemoteSwiftPackageReference "firebase-ios-sdk" */;
			productName = FirebaseStorage;
		};
		3D130AEB2BC73E3400377F9D /* FirebaseStorageCombine-Community */ = {
			isa = XCSwiftPackageProductDependency;
			package = 3D130AB62BC73E3400377F9D /* XCRemoteSwiftPackageReference "firebase-ios-sdk" */;
			productName = "FirebaseStorageCombine-Community";
		};
/* End XCSwiftPackageProductDependency section */
	};
	rootObject = 3DE759EF2B98CC7100199CE0 /* Project object */;
}
